
Microsoft Visual Studio Solution File, Format Version 12.00
# Visual Studio Version 16
VisualStudioVersion = 16.0.30011.22
MinimumVisualStudioVersion = 10.0.40219.1
Project("{FAE04EC0-301F-11D3-BF4B-00C04F79EFBC}") = "DemoAdoNet", "DemoAdoNet\DemoAdoNet.csproj", "{5F73716B-67C6-4961-A94E-7A805547E83D}"
EndProject
Global
	GlobalSection(SolutionConfigurationPlatforms) = preSolution
		Debug|Any CPU = Debug|Any CPU
		Release|Any CPU = Release|Any CPU
	EndGlobalSection
	GlobalSection(ProjectConfigurationPlatforms) = postSolution
		{5F73716B-67C6-4961-A94E-7A805547E83D}.Debug|Any CPU.ActiveCfg = Debug|Any CPU
		{5F73716B-67C6-4961-A94E-7A805547E83D}.Debug|Any CPU.Build.0 = Debug|Any CPU
		{5F73716B-67C6-4961-A94E-7A805547E83D}.Release|Any CPU.ActiveCfg = Release|Any CPU
		{5F73716B-67C6-4961-A94E-7A805547E83D}.Release|Any CPU.Build.0 = Release|Any CPU
	EndGlobalSection
	GlobalSection(SolutionProperties) = preSolution
		HideSolutionNode = FALSE
	EndGlobalSection
	GlobalSection(ExtensibilityGlobals) = postSolution
		SolutionGuid = {3343136A-7DD3-4101-B3B7-53866DE0D3E8}
	EndGlobalSection
EndGlobal
