
Microsoft Visual Studio Solution File, Format Version 12.00
# Visual Studio Version 16
VisualStudioVersion = 16.0.28803.452
MinimumVisualStudioVersion = 10.0.40219.1
Project("{FAE04EC0-301F-11D3-BF4B-00C04F79EFBC}") = "01.SoftuniCoffeeOrders", "01.SoftuniCoffeeOrders\01.SoftuniCoffeeOrders.csproj", "{5CF5AF4B-C2B0-41C1-878B-9CD0CAFF9700}"
EndProject
Project("{FAE04EC0-301F-11D3-BF4B-00C04F79EFBC}") = "02.CommandInterpreter", "02.CommandInterpreter\02.CommandInterpreter.csproj", "{CE00621C-ACC5-4B85-A567-FC3148F18EAF}"
EndProject
Global
	GlobalSection(SolutionConfigurationPlatforms) = preSolution
		Debug|Any CPU = Debug|Any CPU
		Release|Any CPU = Release|Any CPU
	EndGlobalSection
	GlobalSection(ProjectConfigurationPlatforms) = postSolution
		{5CF5AF4B-C2B0-41C1-878B-9CD0CAFF9700}.Debug|Any CPU.ActiveCfg = Debug|Any CPU
		{5CF5AF4B-C2B0-41C1-878B-9CD0CAFF9700}.Debug|Any CPU.Build.0 = Debug|Any CPU
		{5CF5AF4B-C2B0-41C1-878B-9CD0CAFF9700}.Release|Any CPU.ActiveCfg = Release|Any CPU
		{5CF5AF4B-C2B0-41C1-878B-9CD0CAFF9700}.Release|Any CPU.Build.0 = Release|Any CPU
		{CE00621C-ACC5-4B85-A567-FC3148F18EAF}.Debug|Any CPU.ActiveCfg = Debug|Any CPU
		{CE00621C-ACC5-4B85-A567-FC3148F18EAF}.Debug|Any CPU.Build.0 = Debug|Any CPU
		{CE00621C-ACC5-4B85-A567-FC3148F18EAF}.Release|Any CPU.ActiveCfg = Release|Any CPU
		{CE00621C-ACC5-4B85-A567-FC3148F18EAF}.Release|Any CPU.Build.0 = Release|Any CPU
	EndGlobalSection
	GlobalSection(SolutionProperties) = preSolution
		HideSolutionNode = FALSE
	EndGlobalSection
	GlobalSection(ExtensibilityGlobals) = postSolution
		SolutionGuid = {7EA8FE1A-077D-47A3-9CC4-143C5D7E5E01}
	EndGlobalSection
EndGlobal
