
Microsoft Visual Studio Solution File, Format Version 12.00
# Visual Studio 15
VisualStudioVersion = 15.0.27703.2047
MinimumVisualStudioVersion = 10.0.40219.1
Project("{FAE04EC0-301F-11D3-BF4B-00C04F79EFBC}") = "01.Workshop", "01.Workshop\01.Workshop.csproj", "{DB1BB632-84FB-4C75-B504-87668A8B8AD8}"
EndProject
Project("{FAE04EC0-301F-11D3-BF4B-00C04F79EFBC}") = "02.Dance hall", "02.Dance hall\02.Dance hall.csproj", "{DBDD562E-D984-4EDE-B16C-850B9FBC5D74}"
EndProject
Project("{FAE04EC0-301F-11D3-BF4B-00C04F79EFBC}") = "03.Campaign", "03.Campaign\03.Campaign.csproj", "{121621C2-7CC9-44F0-88BB-EE53554DD1EA}"
EndProject
Project("{FAE04EC0-301F-11D3-BF4B-00C04F79EFBC}") = "04.StockExchange", "04.StockExchange\04.StockExchange.csproj", "{0600B537-2F47-4263-B33B-7F7A8E4E29D4}"
EndProject
Global
	GlobalSection(SolutionConfigurationPlatforms) = preSolution
		Debug|Any CPU = Debug|Any CPU
		Release|Any CPU = Release|Any CPU
	EndGlobalSection
	GlobalSection(ProjectConfigurationPlatforms) = postSolution
		{DB1BB632-84FB-4C75-B504-87668A8B8AD8}.Debug|Any CPU.ActiveCfg = Debug|Any CPU
		{DB1BB632-84FB-4C75-B504-87668A8B8AD8}.Debug|Any CPU.Build.0 = Debug|Any CPU
		{DB1BB632-84FB-4C75-B504-87668A8B8AD8}.Release|Any CPU.ActiveCfg = Release|Any CPU
		{DB1BB632-84FB-4C75-B504-87668A8B8AD8}.Release|Any CPU.Build.0 = Release|Any CPU
		{DBDD562E-D984-4EDE-B16C-850B9FBC5D74}.Debug|Any CPU.ActiveCfg = Debug|Any CPU
		{DBDD562E-D984-4EDE-B16C-850B9FBC5D74}.Debug|Any CPU.Build.0 = Debug|Any CPU
		{DBDD562E-D984-4EDE-B16C-850B9FBC5D74}.Release|Any CPU.ActiveCfg = Release|Any CPU
		{DBDD562E-D984-4EDE-B16C-850B9FBC5D74}.Release|Any CPU.Build.0 = Release|Any CPU
		{121621C2-7CC9-44F0-88BB-EE53554DD1EA}.Debug|Any CPU.ActiveCfg = Debug|Any CPU
		{121621C2-7CC9-44F0-88BB-EE53554DD1EA}.Debug|Any CPU.Build.0 = Debug|Any CPU
		{121621C2-7CC9-44F0-88BB-EE53554DD1EA}.Release|Any CPU.ActiveCfg = Release|Any CPU
		{121621C2-7CC9-44F0-88BB-EE53554DD1EA}.Release|Any CPU.Build.0 = Release|Any CPU
		{0600B537-2F47-4263-B33B-7F7A8E4E29D4}.Debug|Any CPU.ActiveCfg = Debug|Any CPU
		{0600B537-2F47-4263-B33B-7F7A8E4E29D4}.Debug|Any CPU.Build.0 = Debug|Any CPU
		{0600B537-2F47-4263-B33B-7F7A8E4E29D4}.Release|Any CPU.ActiveCfg = Release|Any CPU
		{0600B537-2F47-4263-B33B-7F7A8E4E29D4}.Release|Any CPU.Build.0 = Release|Any CPU
	EndGlobalSection
	GlobalSection(SolutionProperties) = preSolution
		HideSolutionNode = FALSE
	EndGlobalSection
	GlobalSection(ExtensibilityGlobals) = postSolution
		SolutionGuid = {E01FCEB3-06F0-4E1F-A161-7546A20C8EA0}
	EndGlobalSection
EndGlobal
