
Microsoft Visual Studio Solution File, Format Version 12.00
# Visual Studio 15
VisualStudioVersion = 15.0.27703.2047
MinimumVisualStudioVersion = 10.0.40219.1
Project("{9A19103F-16F7-4668-BE54-9A1E7A4F7556}") = "01.EncryptSortPrintArray", "01.EncryptSortPrintArray\01.EncryptSortPrintArray.csproj", "{20AE63B2-2D1E-49BF-9D57-7407049D086C}"
EndProject
Project("{9A19103F-16F7-4668-BE54-9A1E7A4F7556}") = "02.PascalTriangle", "02.PascalTriangle\02.PascalTriangle.csproj", "{A5B5CFF9-BD13-4065-8879-997E52FFEE3E}"
EndProject
Project("{FAE04EC0-301F-11D3-BF4B-00C04F79EFBC}") = "04.FoldAndSum", "04.FoldAndSum\04.FoldAndSum.csproj", "{C01A9144-3EBE-4E62-9824-1EDAD25E302A}"
EndProject
Project("{FAE04EC0-301F-11D3-BF4B-00C04F79EFBC}") = "03.RecursiveFibonacci", "03.RecursiveFibonacci\03.RecursiveFibonacci.csproj", "{BADE46AF-0078-4576-B0E5-9C5804D8FB2B}"
EndProject
Project("{FAE04EC0-301F-11D3-BF4B-00C04F79EFBC}") = "05.LongestIncreasingSubsequence", "05.LongestIncreasingSubsequence\05.LongestIncreasingSubsequence.csproj", "{FC369991-D846-4C79-BA1F-D51315DAACFD}"
EndProject
Global
	GlobalSection(SolutionConfigurationPlatforms) = preSolution
		Debug|Any CPU = Debug|Any CPU
		Release|Any CPU = Release|Any CPU
	EndGlobalSection
	GlobalSection(ProjectConfigurationPlatforms) = postSolution
		{20AE63B2-2D1E-49BF-9D57-7407049D086C}.Debug|Any CPU.ActiveCfg = Debug|Any CPU
		{20AE63B2-2D1E-49BF-9D57-7407049D086C}.Debug|Any CPU.Build.0 = Debug|Any CPU
		{20AE63B2-2D1E-49BF-9D57-7407049D086C}.Release|Any CPU.ActiveCfg = Release|Any CPU
		{20AE63B2-2D1E-49BF-9D57-7407049D086C}.Release|Any CPU.Build.0 = Release|Any CPU
		{A5B5CFF9-BD13-4065-8879-997E52FFEE3E}.Debug|Any CPU.ActiveCfg = Debug|Any CPU
		{A5B5CFF9-BD13-4065-8879-997E52FFEE3E}.Debug|Any CPU.Build.0 = Debug|Any CPU
		{A5B5CFF9-BD13-4065-8879-997E52FFEE3E}.Release|Any CPU.ActiveCfg = Release|Any CPU
		{A5B5CFF9-BD13-4065-8879-997E52FFEE3E}.Release|Any CPU.Build.0 = Release|Any CPU
		{C01A9144-3EBE-4E62-9824-1EDAD25E302A}.Debug|Any CPU.ActiveCfg = Debug|Any CPU
		{C01A9144-3EBE-4E62-9824-1EDAD25E302A}.Debug|Any CPU.Build.0 = Debug|Any CPU
		{C01A9144-3EBE-4E62-9824-1EDAD25E302A}.Release|Any CPU.ActiveCfg = Release|Any CPU
		{C01A9144-3EBE-4E62-9824-1EDAD25E302A}.Release|Any CPU.Build.0 = Release|Any CPU
		{BADE46AF-0078-4576-B0E5-9C5804D8FB2B}.Debug|Any CPU.ActiveCfg = Debug|Any CPU
		{BADE46AF-0078-4576-B0E5-9C5804D8FB2B}.Debug|Any CPU.Build.0 = Debug|Any CPU
		{BADE46AF-0078-4576-B0E5-9C5804D8FB2B}.Release|Any CPU.ActiveCfg = Release|Any CPU
		{BADE46AF-0078-4576-B0E5-9C5804D8FB2B}.Release|Any CPU.Build.0 = Release|Any CPU
		{FC369991-D846-4C79-BA1F-D51315DAACFD}.Debug|Any CPU.ActiveCfg = Debug|Any CPU
		{FC369991-D846-4C79-BA1F-D51315DAACFD}.Debug|Any CPU.Build.0 = Debug|Any CPU
		{FC369991-D846-4C79-BA1F-D51315DAACFD}.Release|Any CPU.ActiveCfg = Release|Any CPU
		{FC369991-D846-4C79-BA1F-D51315DAACFD}.Release|Any CPU.Build.0 = Release|Any CPU
	EndGlobalSection
	GlobalSection(SolutionProperties) = preSolution
		HideSolutionNode = FALSE
	EndGlobalSection
	GlobalSection(ExtensibilityGlobals) = postSolution
		SolutionGuid = {EB2D147C-8378-4802-8CE4-CC9FE5D38CE2}
	EndGlobalSection
EndGlobal
