
Microsoft Visual Studio Solution File, Format Version 12.00
# Visual Studio Version 16
VisualStudioVersion = 16.0.29209.62
MinimumVisualStudioVersion = 10.0.40219.1
Project("{9A19103F-16F7-4668-BE54-9A1E7A4F7556}") = "SpaceStationRecruitment", "SpaceStationRecruitment.csproj", "{0ADA177E-F171-4A75-AB8B-5A5DB762ABD8}"
EndProject
Global
	GlobalSection(SolutionConfigurationPlatforms) = preSolution
		Debug|Any CPU = Debug|Any CPU
		Release|Any CPU = Release|Any CPU
	EndGlobalSection
	GlobalSection(ProjectConfigurationPlatforms) = postSolution
		{0ADA177E-F171-4A75-AB8B-5A5DB762ABD8}.Debug|Any CPU.ActiveCfg = Debug|Any CPU
		{0ADA177E-F171-4A75-AB8B-5A5DB762ABD8}.Debug|Any CPU.Build.0 = Debug|Any CPU
		{0ADA177E-F171-4A75-AB8B-5A5DB762ABD8}.Release|Any CPU.ActiveCfg = Release|Any CPU
		{0ADA177E-F171-4A75-AB8B-5A5DB762ABD8}.Release|Any CPU.Build.0 = Release|Any CPU
	EndGlobalSection
	GlobalSection(SolutionProperties) = preSolution
		HideSolutionNode = FALSE
	EndGlobalSection
	GlobalSection(ExtensibilityGlobals) = postSolution
		SolutionGuid = {3232B69F-5C3F-4C22-BA2A-5ACB2167A8AC}
	EndGlobalSection
EndGlobal
