
Microsoft Visual Studio Solution File, Format Version 12.00
# Visual Studio 15
VisualStudioVersion = 15.0.27703.2047
MinimumVisualStudioVersion = 10.0.40219.1
Project("{9A19103F-16F7-4668-BE54-9A1E7A4F7556}") = "01.ReverseStrings", "01.ReverseStrings\01.ReverseStrings.csproj", "{CA876E32-81AF-4636-88D7-5F4290E39633}"
EndProject
Project("{9A19103F-16F7-4668-BE54-9A1E7A4F7556}") = "02.StackSum", "02.StackSum\02.StackSum.csproj", "{8090E677-DEF6-49A5-8FB6-CF0DFF4EA4F5}"
EndProject
Project("{9A19103F-16F7-4668-BE54-9A1E7A4F7556}") = "03.SimpleCalculator", "03.SimpleCalculator\03.SimpleCalculator.csproj", "{35B1F01C-4F09-47E4-AB79-631497FB3D4E}"
EndProject
Project("{9A19103F-16F7-4668-BE54-9A1E7A4F7556}") = "04.MatchingBrackets", "04.MatchingBrackets\04.MatchingBrackets.csproj", "{984D7718-8B6E-4E40-91D8-90CFAEC37467}"
EndProject
Project("{9A19103F-16F7-4668-BE54-9A1E7A4F7556}") = "05.Supermarket", "05.Supermarket\05.Supermarket.csproj", "{B8D8BE68-C87A-4E94-9D1F-F48AFA7A251F}"
EndProject
Project("{9A19103F-16F7-4668-BE54-9A1E7A4F7556}") = "06.HotPotato", "06.HotPotato\06.HotPotato.csproj", "{A984A058-FF74-44D7-82A3-E9B62A0F3F13}"
EndProject
Project("{FAE04EC0-301F-11D3-BF4B-00C04F79EFBC}") = "07.TrafficJam", "07.TrafficJam\07.TrafficJam.csproj", "{189E23F2-733B-4CDC-B2C2-1267CFD91944}"
EndProject
Global
	GlobalSection(SolutionConfigurationPlatforms) = preSolution
		Debug|Any CPU = Debug|Any CPU
		Release|Any CPU = Release|Any CPU
	EndGlobalSection
	GlobalSection(ProjectConfigurationPlatforms) = postSolution
		{CA876E32-81AF-4636-88D7-5F4290E39633}.Debug|Any CPU.ActiveCfg = Debug|Any CPU
		{CA876E32-81AF-4636-88D7-5F4290E39633}.Debug|Any CPU.Build.0 = Debug|Any CPU
		{CA876E32-81AF-4636-88D7-5F4290E39633}.Release|Any CPU.ActiveCfg = Release|Any CPU
		{CA876E32-81AF-4636-88D7-5F4290E39633}.Release|Any CPU.Build.0 = Release|Any CPU
		{8090E677-DEF6-49A5-8FB6-CF0DFF4EA4F5}.Debug|Any CPU.ActiveCfg = Debug|Any CPU
		{8090E677-DEF6-49A5-8FB6-CF0DFF4EA4F5}.Debug|Any CPU.Build.0 = Debug|Any CPU
		{8090E677-DEF6-49A5-8FB6-CF0DFF4EA4F5}.Release|Any CPU.ActiveCfg = Release|Any CPU
		{8090E677-DEF6-49A5-8FB6-CF0DFF4EA4F5}.Release|Any CPU.Build.0 = Release|Any CPU
		{35B1F01C-4F09-47E4-AB79-631497FB3D4E}.Debug|Any CPU.ActiveCfg = Debug|Any CPU
		{35B1F01C-4F09-47E4-AB79-631497FB3D4E}.Debug|Any CPU.Build.0 = Debug|Any CPU
		{35B1F01C-4F09-47E4-AB79-631497FB3D4E}.Release|Any CPU.ActiveCfg = Release|Any CPU
		{35B1F01C-4F09-47E4-AB79-631497FB3D4E}.Release|Any CPU.Build.0 = Release|Any CPU
		{984D7718-8B6E-4E40-91D8-90CFAEC37467}.Debug|Any CPU.ActiveCfg = Debug|Any CPU
		{984D7718-8B6E-4E40-91D8-90CFAEC37467}.Debug|Any CPU.Build.0 = Debug|Any CPU
		{984D7718-8B6E-4E40-91D8-90CFAEC37467}.Release|Any CPU.ActiveCfg = Release|Any CPU
		{984D7718-8B6E-4E40-91D8-90CFAEC37467}.Release|Any CPU.Build.0 = Release|Any CPU
		{B8D8BE68-C87A-4E94-9D1F-F48AFA7A251F}.Debug|Any CPU.ActiveCfg = Debug|Any CPU
		{B8D8BE68-C87A-4E94-9D1F-F48AFA7A251F}.Debug|Any CPU.Build.0 = Debug|Any CPU
		{B8D8BE68-C87A-4E94-9D1F-F48AFA7A251F}.Release|Any CPU.ActiveCfg = Release|Any CPU
		{B8D8BE68-C87A-4E94-9D1F-F48AFA7A251F}.Release|Any CPU.Build.0 = Release|Any CPU
		{A984A058-FF74-44D7-82A3-E9B62A0F3F13}.Debug|Any CPU.ActiveCfg = Debug|Any CPU
		{A984A058-FF74-44D7-82A3-E9B62A0F3F13}.Debug|Any CPU.Build.0 = Debug|Any CPU
		{A984A058-FF74-44D7-82A3-E9B62A0F3F13}.Release|Any CPU.ActiveCfg = Release|Any CPU
		{A984A058-FF74-44D7-82A3-E9B62A0F3F13}.Release|Any CPU.Build.0 = Release|Any CPU
		{189E23F2-733B-4CDC-B2C2-1267CFD91944}.Debug|Any CPU.ActiveCfg = Debug|Any CPU
		{189E23F2-733B-4CDC-B2C2-1267CFD91944}.Debug|Any CPU.Build.0 = Debug|Any CPU
		{189E23F2-733B-4CDC-B2C2-1267CFD91944}.Release|Any CPU.ActiveCfg = Release|Any CPU
		{189E23F2-733B-4CDC-B2C2-1267CFD91944}.Release|Any CPU.Build.0 = Release|Any CPU
	EndGlobalSection
	GlobalSection(SolutionProperties) = preSolution
		HideSolutionNode = FALSE
	EndGlobalSection
	GlobalSection(ExtensibilityGlobals) = postSolution
		SolutionGuid = {FCC5F78C-3946-40C3-AFCE-75081860E796}
	EndGlobalSection
EndGlobal
