
Microsoft Visual Studio Solution File, Format Version 12.00
# Visual Studio Version 16
VisualStudioVersion = 16.0.30204.135
MinimumVisualStudioVersion = 10.0.40219.1
Project("{FAE04EC0-301F-11D3-BF4B-00C04F79EFBC}") = "SIS.HTTP", "SIS.HTTP\SIS.HTTP.csproj", "{FD72CAF7-000F-46FE-9E2A-1B79CF8DEFF6}"
EndProject
Project("{FAE04EC0-301F-11D3-BF4B-00C04F79EFBC}") = "SIS.MvcFramework", "SIS.MvcFramework\SIS.MvcFramework.csproj", "{FD20DFCE-9ACC-4365-9279-F0D8BF295365}"
EndProject
Project("{FAE04EC0-301F-11D3-BF4B-00C04F79EFBC}") = "App", "App\App.csproj", "{FF02C424-3757-403F-9BC3-C3BE47403CD5}"
EndProject
Global
	GlobalSection(SolutionConfigurationPlatforms) = preSolution
		Debug|Any CPU = Debug|Any CPU
		Release|Any CPU = Release|Any CPU
	EndGlobalSection
	GlobalSection(ProjectConfigurationPlatforms) = postSolution
		{FD72CAF7-000F-46FE-9E2A-1B79CF8DEFF6}.Debug|Any CPU.ActiveCfg = Debug|Any CPU
		{FD72CAF7-000F-46FE-9E2A-1B79CF8DEFF6}.Debug|Any CPU.Build.0 = Debug|Any CPU
		{FD72CAF7-000F-46FE-9E2A-1B79CF8DEFF6}.Release|Any CPU.ActiveCfg = Release|Any CPU
		{FD72CAF7-000F-46FE-9E2A-1B79CF8DEFF6}.Release|Any CPU.Build.0 = Release|Any CPU
		{FD20DFCE-9ACC-4365-9279-F0D8BF295365}.Debug|Any CPU.ActiveCfg = Debug|Any CPU
		{FD20DFCE-9ACC-4365-9279-F0D8BF295365}.Debug|Any CPU.Build.0 = Debug|Any CPU
		{FD20DFCE-9ACC-4365-9279-F0D8BF295365}.Release|Any CPU.ActiveCfg = Release|Any CPU
		{FD20DFCE-9ACC-4365-9279-F0D8BF295365}.Release|Any CPU.Build.0 = Release|Any CPU
		{FF02C424-3757-403F-9BC3-C3BE47403CD5}.Debug|Any CPU.ActiveCfg = Debug|Any CPU
		{FF02C424-3757-403F-9BC3-C3BE47403CD5}.Debug|Any CPU.Build.0 = Debug|Any CPU
		{FF02C424-3757-403F-9BC3-C3BE47403CD5}.Release|Any CPU.ActiveCfg = Release|Any CPU
		{FF02C424-3757-403F-9BC3-C3BE47403CD5}.Release|Any CPU.Build.0 = Release|Any CPU
	EndGlobalSection
	GlobalSection(SolutionProperties) = preSolution
		HideSolutionNode = FALSE
	EndGlobalSection
	GlobalSection(ExtensibilityGlobals) = postSolution
		SolutionGuid = {F84FC2F4-515C-4DF9-8DB2-A2E38BF9B1D0}
	EndGlobalSection
EndGlobal
