
Microsoft Visual Studio Solution File, Format Version 12.00
# Visual Studio 15
VisualStudioVersion = 15.0.27703.2047
MinimumVisualStudioVersion = 10.0.40219.1
Project("{9A19103F-16F7-4668-BE54-9A1E7A4F7556}") = "01.SmallestOfThreeNumbers", "01.SmallestOfThreeNumbers\01.SmallestOfThreeNumbers.csproj", "{F79400FC-99FE-4460-9DB4-0843B5164909}"
EndProject
Project("{9A19103F-16F7-4668-BE54-9A1E7A4F7556}") = "02.VowelsCount", "02.VowelsCount\02.VowelsCount.csproj", "{E3733627-2F79-4E57-8BD8-1A259AED4174}"
EndProject
Project("{9A19103F-16F7-4668-BE54-9A1E7A4F7556}") = "03.CharactersInRange", "03.CharactersInRange\03.CharactersInRange.csproj", "{C9FBD5AC-7E8E-4C88-A901-A8496CF0C5F7}"
EndProject
Project("{FAE04EC0-301F-11D3-BF4B-00C04F79EFBC}") = "04.PasswordValidator", "04.PasswordValidator\04.PasswordValidator.csproj", "{BA7BA32C-F91D-4BCC-AA5D-C67FFD903FD2}"
EndProject
Project("{FAE04EC0-301F-11D3-BF4B-00C04F79EFBC}") = "05.AddSubtract", "05.AddSubtract\05.AddSubtract.csproj", "{3B5CAE27-8494-4C9E-9CA0-A3B68A114C88}"
EndProject
Project("{FAE04EC0-301F-11D3-BF4B-00C04F79EFBC}") = "06.MiddleCharacters", "06.MiddleCharacters\06.MiddleCharacters.csproj", "{1FDD8CC3-6E18-45DD-844B-4B38BDCD6292}"
EndProject
Project("{FAE04EC0-301F-11D3-BF4B-00C04F79EFBC}") = "07.NxNMatrix", "07.NxNMatrix\07.NxNMatrix.csproj", "{A766F6CC-7E74-43FB-AC38-065235007706}"
EndProject
Project("{FAE04EC0-301F-11D3-BF4B-00C04F79EFBC}") = "08.FactorialDivision", "08.FactorialDivision\08.FactorialDivision.csproj", "{F9BB6DDC-0B01-496B-8CFD-A95074A25F1F}"
EndProject
Project("{FAE04EC0-301F-11D3-BF4B-00C04F79EFBC}") = "09.PalindromeIntegers", "09.PalindromeIntegers\09.PalindromeIntegers.csproj", "{23FB95A8-036B-4E48-B845-C268E69894CF}"
EndProject
Project("{FAE04EC0-301F-11D3-BF4B-00C04F79EFBC}") = "10.TopNumber", "10.TopNumber\10.TopNumber.csproj", "{3267D8A9-408C-49F8-9E71-644A57746B52}"
EndProject
Project("{FAE04EC0-301F-11D3-BF4B-00C04F79EFBC}") = "11.ArrayManipulator", "11.ArrayManipulator\11.ArrayManipulator.csproj", "{B89446FE-EF15-4A3D-969B-A2788026A364}"
EndProject
Global
	GlobalSection(SolutionConfigurationPlatforms) = preSolution
		Debug|Any CPU = Debug|Any CPU
		Release|Any CPU = Release|Any CPU
	EndGlobalSection
	GlobalSection(ProjectConfigurationPlatforms) = postSolution
		{F79400FC-99FE-4460-9DB4-0843B5164909}.Debug|Any CPU.ActiveCfg = Debug|Any CPU
		{F79400FC-99FE-4460-9DB4-0843B5164909}.Debug|Any CPU.Build.0 = Debug|Any CPU
		{F79400FC-99FE-4460-9DB4-0843B5164909}.Release|Any CPU.ActiveCfg = Release|Any CPU
		{F79400FC-99FE-4460-9DB4-0843B5164909}.Release|Any CPU.Build.0 = Release|Any CPU
		{E3733627-2F79-4E57-8BD8-1A259AED4174}.Debug|Any CPU.ActiveCfg = Debug|Any CPU
		{E3733627-2F79-4E57-8BD8-1A259AED4174}.Debug|Any CPU.Build.0 = Debug|Any CPU
		{E3733627-2F79-4E57-8BD8-1A259AED4174}.Release|Any CPU.ActiveCfg = Release|Any CPU
		{E3733627-2F79-4E57-8BD8-1A259AED4174}.Release|Any CPU.Build.0 = Release|Any CPU
		{C9FBD5AC-7E8E-4C88-A901-A8496CF0C5F7}.Debug|Any CPU.ActiveCfg = Debug|Any CPU
		{C9FBD5AC-7E8E-4C88-A901-A8496CF0C5F7}.Debug|Any CPU.Build.0 = Debug|Any CPU
		{C9FBD5AC-7E8E-4C88-A901-A8496CF0C5F7}.Release|Any CPU.ActiveCfg = Release|Any CPU
		{C9FBD5AC-7E8E-4C88-A901-A8496CF0C5F7}.Release|Any CPU.Build.0 = Release|Any CPU
		{BA7BA32C-F91D-4BCC-AA5D-C67FFD903FD2}.Debug|Any CPU.ActiveCfg = Debug|Any CPU
		{BA7BA32C-F91D-4BCC-AA5D-C67FFD903FD2}.Debug|Any CPU.Build.0 = Debug|Any CPU
		{BA7BA32C-F91D-4BCC-AA5D-C67FFD903FD2}.Release|Any CPU.ActiveCfg = Release|Any CPU
		{BA7BA32C-F91D-4BCC-AA5D-C67FFD903FD2}.Release|Any CPU.Build.0 = Release|Any CPU
		{3B5CAE27-8494-4C9E-9CA0-A3B68A114C88}.Debug|Any CPU.ActiveCfg = Debug|Any CPU
		{3B5CAE27-8494-4C9E-9CA0-A3B68A114C88}.Debug|Any CPU.Build.0 = Debug|Any CPU
		{3B5CAE27-8494-4C9E-9CA0-A3B68A114C88}.Release|Any CPU.ActiveCfg = Release|Any CPU
		{3B5CAE27-8494-4C9E-9CA0-A3B68A114C88}.Release|Any CPU.Build.0 = Release|Any CPU
		{1FDD8CC3-6E18-45DD-844B-4B38BDCD6292}.Debug|Any CPU.ActiveCfg = Debug|Any CPU
		{1FDD8CC3-6E18-45DD-844B-4B38BDCD6292}.Debug|Any CPU.Build.0 = Debug|Any CPU
		{1FDD8CC3-6E18-45DD-844B-4B38BDCD6292}.Release|Any CPU.ActiveCfg = Release|Any CPU
		{1FDD8CC3-6E18-45DD-844B-4B38BDCD6292}.Release|Any CPU.Build.0 = Release|Any CPU
		{A766F6CC-7E74-43FB-AC38-065235007706}.Debug|Any CPU.ActiveCfg = Debug|Any CPU
		{A766F6CC-7E74-43FB-AC38-065235007706}.Debug|Any CPU.Build.0 = Debug|Any CPU
		{A766F6CC-7E74-43FB-AC38-065235007706}.Release|Any CPU.ActiveCfg = Release|Any CPU
		{A766F6CC-7E74-43FB-AC38-065235007706}.Release|Any CPU.Build.0 = Release|Any CPU
		{F9BB6DDC-0B01-496B-8CFD-A95074A25F1F}.Debug|Any CPU.ActiveCfg = Debug|Any CPU
		{F9BB6DDC-0B01-496B-8CFD-A95074A25F1F}.Debug|Any CPU.Build.0 = Debug|Any CPU
		{F9BB6DDC-0B01-496B-8CFD-A95074A25F1F}.Release|Any CPU.ActiveCfg = Release|Any CPU
		{F9BB6DDC-0B01-496B-8CFD-A95074A25F1F}.Release|Any CPU.Build.0 = Release|Any CPU
		{23FB95A8-036B-4E48-B845-C268E69894CF}.Debug|Any CPU.ActiveCfg = Debug|Any CPU
		{23FB95A8-036B-4E48-B845-C268E69894CF}.Debug|Any CPU.Build.0 = Debug|Any CPU
		{23FB95A8-036B-4E48-B845-C268E69894CF}.Release|Any CPU.ActiveCfg = Release|Any CPU
		{23FB95A8-036B-4E48-B845-C268E69894CF}.Release|Any CPU.Build.0 = Release|Any CPU
		{3267D8A9-408C-49F8-9E71-644A57746B52}.Debug|Any CPU.ActiveCfg = Debug|Any CPU
		{3267D8A9-408C-49F8-9E71-644A57746B52}.Debug|Any CPU.Build.0 = Debug|Any CPU
		{3267D8A9-408C-49F8-9E71-644A57746B52}.Release|Any CPU.ActiveCfg = Release|Any CPU
		{3267D8A9-408C-49F8-9E71-644A57746B52}.Release|Any CPU.Build.0 = Release|Any CPU
		{B89446FE-EF15-4A3D-969B-A2788026A364}.Debug|Any CPU.ActiveCfg = Debug|Any CPU
		{B89446FE-EF15-4A3D-969B-A2788026A364}.Debug|Any CPU.Build.0 = Debug|Any CPU
		{B89446FE-EF15-4A3D-969B-A2788026A364}.Release|Any CPU.ActiveCfg = Release|Any CPU
		{B89446FE-EF15-4A3D-969B-A2788026A364}.Release|Any CPU.Build.0 = Release|Any CPU
	EndGlobalSection
	GlobalSection(SolutionProperties) = preSolution
		HideSolutionNode = FALSE
	EndGlobalSection
	GlobalSection(ExtensibilityGlobals) = postSolution
		SolutionGuid = {5AE23DA7-549C-4961-B3B7-C5D0D1AA9867}
	EndGlobalSection
EndGlobal
