
Microsoft Visual Studio Solution File, Format Version 12.00
# Visual Studio Version 16
VisualStudioVersion = 16.0.29209.62
MinimumVisualStudioVersion = 10.0.40219.1
Project("{9A19103F-16F7-4668-BE54-9A1E7A4F7556}") = "01.Person", "01.Person\01.Person.csproj", "{EFE14F1C-16AE-45D0-8BA5-C6C15FA2CD26}"
EndProject
Project("{9A19103F-16F7-4668-BE54-9A1E7A4F7556}") = "05.DateModifier", "05.DateModifier\05.DateModifier.csproj", "{6376A7BA-4121-4661-8835-471A90FF2A88}"
EndProject
Project("{9A19103F-16F7-4668-BE54-9A1E7A4F7556}") = "06.SpeedRacing", "06.SpeedRacing\06.SpeedRacing.csproj", "{BDBF9A5C-EF91-49E8-AF12-63025A5D422A}"
EndProject
Project("{FAE04EC0-301F-11D3-BF4B-00C04F79EFBC}") = "07.RawData", "07.RawData\07.RawData.csproj", "{8CACAEFE-801F-4377-8B52-937D54645627}"
EndProject
Project("{FAE04EC0-301F-11D3-BF4B-00C04F79EFBC}") = "08.CarSalesman", "08.CarSalesman\08.CarSalesman.csproj", "{2831A068-A2BF-42EA-A73B-95D86063C4A6}"
EndProject
Global
	GlobalSection(SolutionConfigurationPlatforms) = preSolution
		Debug|Any CPU = Debug|Any CPU
		Release|Any CPU = Release|Any CPU
	EndGlobalSection
	GlobalSection(ProjectConfigurationPlatforms) = postSolution
		{EFE14F1C-16AE-45D0-8BA5-C6C15FA2CD26}.Debug|Any CPU.ActiveCfg = Debug|Any CPU
		{EFE14F1C-16AE-45D0-8BA5-C6C15FA2CD26}.Debug|Any CPU.Build.0 = Debug|Any CPU
		{EFE14F1C-16AE-45D0-8BA5-C6C15FA2CD26}.Release|Any CPU.ActiveCfg = Release|Any CPU
		{EFE14F1C-16AE-45D0-8BA5-C6C15FA2CD26}.Release|Any CPU.Build.0 = Release|Any CPU
		{6376A7BA-4121-4661-8835-471A90FF2A88}.Debug|Any CPU.ActiveCfg = Debug|Any CPU
		{6376A7BA-4121-4661-8835-471A90FF2A88}.Debug|Any CPU.Build.0 = Debug|Any CPU
		{6376A7BA-4121-4661-8835-471A90FF2A88}.Release|Any CPU.ActiveCfg = Release|Any CPU
		{6376A7BA-4121-4661-8835-471A90FF2A88}.Release|Any CPU.Build.0 = Release|Any CPU
		{BDBF9A5C-EF91-49E8-AF12-63025A5D422A}.Debug|Any CPU.ActiveCfg = Debug|Any CPU
		{BDBF9A5C-EF91-49E8-AF12-63025A5D422A}.Debug|Any CPU.Build.0 = Debug|Any CPU
		{BDBF9A5C-EF91-49E8-AF12-63025A5D422A}.Release|Any CPU.ActiveCfg = Release|Any CPU
		{BDBF9A5C-EF91-49E8-AF12-63025A5D422A}.Release|Any CPU.Build.0 = Release|Any CPU
		{8CACAEFE-801F-4377-8B52-937D54645627}.Debug|Any CPU.ActiveCfg = Debug|Any CPU
		{8CACAEFE-801F-4377-8B52-937D54645627}.Debug|Any CPU.Build.0 = Debug|Any CPU
		{8CACAEFE-801F-4377-8B52-937D54645627}.Release|Any CPU.ActiveCfg = Release|Any CPU
		{8CACAEFE-801F-4377-8B52-937D54645627}.Release|Any CPU.Build.0 = Release|Any CPU
		{2831A068-A2BF-42EA-A73B-95D86063C4A6}.Debug|Any CPU.ActiveCfg = Debug|Any CPU
		{2831A068-A2BF-42EA-A73B-95D86063C4A6}.Debug|Any CPU.Build.0 = Debug|Any CPU
		{2831A068-A2BF-42EA-A73B-95D86063C4A6}.Release|Any CPU.ActiveCfg = Release|Any CPU
		{2831A068-A2BF-42EA-A73B-95D86063C4A6}.Release|Any CPU.Build.0 = Release|Any CPU
	EndGlobalSection
	GlobalSection(SolutionProperties) = preSolution
		HideSolutionNode = FALSE
	EndGlobalSection
	GlobalSection(ExtensibilityGlobals) = postSolution
		SolutionGuid = {C50BBC6E-19F0-434A-875C-9BA0FF14654A}
	EndGlobalSection
EndGlobal
