
Microsoft Visual Studio Solution File, Format Version 12.00
# Visual Studio Version 16
VisualStudioVersion = 16.0.29209.62
MinimumVisualStudioVersion = 10.0.40219.1
Project("{9A19103F-16F7-4668-BE54-9A1E7A4F7556}") = "01.BasicOperationStack", "01.BasicOperationStack\01.BasicOperationStack.csproj", "{443C54FE-F91C-4F3D-8F1B-33B7091FE7BC}"
EndProject
Project("{9A19103F-16F7-4668-BE54-9A1E7A4F7556}") = "02.BasicOperationQueues", "02.BasicOperationQueues\02.BasicOperationQueues.csproj", "{171F1D13-EA8F-4B49-B623-043072126923}"
EndProject
Project("{9A19103F-16F7-4668-BE54-9A1E7A4F7556}") = "03.MaxMinElement", "03.MaxMinElement\03.MaxMinElement.csproj", "{F329E98D-9BAB-4497-B71A-9CFB66271F48}"
EndProject
Project("{9A19103F-16F7-4668-BE54-9A1E7A4F7556}") = "04.FastFood", "04.FastFood\04.FastFood.csproj", "{C5E3A206-ACD1-428D-8607-D02D9FC4A539}"
EndProject
Project("{9A19103F-16F7-4668-BE54-9A1E7A4F7556}") = "05.FashionBoutique", "05.FashionBoutique\05.FashionBoutique.csproj", "{3044F459-E9FF-4169-B97B-DDD053206912}"
EndProject
Project("{9A19103F-16F7-4668-BE54-9A1E7A4F7556}") = "06.AutoRepairAndService", "06.AutoRepairAndService\06.AutoRepairAndService.csproj", "{3B88B957-F3BE-4FDF-9B32-4C279C31F4F7}"
EndProject
Project("{9A19103F-16F7-4668-BE54-9A1E7A4F7556}") = "08.BalancedParentheses", "08.BalancedParentheses\08.BalancedParentheses.csproj", "{36851009-586E-4936-90E1-976DBB102958}"
EndProject
Project("{9A19103F-16F7-4668-BE54-9A1E7A4F7556}") = "09.SimpleTextEditor", "09.SimpleTextEditor\09.SimpleTextEditor.csproj", "{6F426F84-0B21-489F-9CD7-96CAF92D0F43}"
EndProject
Project("{9A19103F-16F7-4668-BE54-9A1E7A4F7556}") = "10.Crossroads", "10.Crossroads\10.Crossroads.csproj", "{89A3B5BA-DA9D-419A-B31A-65FEBD9318EC}"
EndProject
Project("{9A19103F-16F7-4668-BE54-9A1E7A4F7556}") = "11.KeyRevolver", "11.KeyRevolver\11.KeyRevolver.csproj", "{0CDECC24-0124-4F4B-8F8A-255EC881F022}"
EndProject
Project("{9A19103F-16F7-4668-BE54-9A1E7A4F7556}") = "07.TruckTour", "07.TruckTour\07.TruckTour.csproj", "{C1943F55-60CD-478C-9D4B-350780467CD4}"
EndProject
Project("{FAE04EC0-301F-11D3-BF4B-00C04F79EFBC}") = "12.CupsAndBottles", "12.CupsAndBottles\12.CupsAndBottles.csproj", "{5749A5F5-2DBA-44A5-B283-E962B54C1E89}"
EndProject
Global
	GlobalSection(SolutionConfigurationPlatforms) = preSolution
		Debug|Any CPU = Debug|Any CPU
		Release|Any CPU = Release|Any CPU
	EndGlobalSection
	GlobalSection(ProjectConfigurationPlatforms) = postSolution
		{443C54FE-F91C-4F3D-8F1B-33B7091FE7BC}.Debug|Any CPU.ActiveCfg = Debug|Any CPU
		{443C54FE-F91C-4F3D-8F1B-33B7091FE7BC}.Debug|Any CPU.Build.0 = Debug|Any CPU
		{443C54FE-F91C-4F3D-8F1B-33B7091FE7BC}.Release|Any CPU.ActiveCfg = Release|Any CPU
		{443C54FE-F91C-4F3D-8F1B-33B7091FE7BC}.Release|Any CPU.Build.0 = Release|Any CPU
		{171F1D13-EA8F-4B49-B623-043072126923}.Debug|Any CPU.ActiveCfg = Debug|Any CPU
		{171F1D13-EA8F-4B49-B623-043072126923}.Debug|Any CPU.Build.0 = Debug|Any CPU
		{171F1D13-EA8F-4B49-B623-043072126923}.Release|Any CPU.ActiveCfg = Release|Any CPU
		{171F1D13-EA8F-4B49-B623-043072126923}.Release|Any CPU.Build.0 = Release|Any CPU
		{F329E98D-9BAB-4497-B71A-9CFB66271F48}.Debug|Any CPU.ActiveCfg = Debug|Any CPU
		{F329E98D-9BAB-4497-B71A-9CFB66271F48}.Debug|Any CPU.Build.0 = Debug|Any CPU
		{F329E98D-9BAB-4497-B71A-9CFB66271F48}.Release|Any CPU.ActiveCfg = Release|Any CPU
		{F329E98D-9BAB-4497-B71A-9CFB66271F48}.Release|Any CPU.Build.0 = Release|Any CPU
		{C5E3A206-ACD1-428D-8607-D02D9FC4A539}.Debug|Any CPU.ActiveCfg = Debug|Any CPU
		{C5E3A206-ACD1-428D-8607-D02D9FC4A539}.Debug|Any CPU.Build.0 = Debug|Any CPU
		{C5E3A206-ACD1-428D-8607-D02D9FC4A539}.Release|Any CPU.ActiveCfg = Release|Any CPU
		{C5E3A206-ACD1-428D-8607-D02D9FC4A539}.Release|Any CPU.Build.0 = Release|Any CPU
		{3044F459-E9FF-4169-B97B-DDD053206912}.Debug|Any CPU.ActiveCfg = Debug|Any CPU
		{3044F459-E9FF-4169-B97B-DDD053206912}.Debug|Any CPU.Build.0 = Debug|Any CPU
		{3044F459-E9FF-4169-B97B-DDD053206912}.Release|Any CPU.ActiveCfg = Release|Any CPU
		{3044F459-E9FF-4169-B97B-DDD053206912}.Release|Any CPU.Build.0 = Release|Any CPU
		{3B88B957-F3BE-4FDF-9B32-4C279C31F4F7}.Debug|Any CPU.ActiveCfg = Debug|Any CPU
		{3B88B957-F3BE-4FDF-9B32-4C279C31F4F7}.Debug|Any CPU.Build.0 = Debug|Any CPU
		{3B88B957-F3BE-4FDF-9B32-4C279C31F4F7}.Release|Any CPU.ActiveCfg = Release|Any CPU
		{3B88B957-F3BE-4FDF-9B32-4C279C31F4F7}.Release|Any CPU.Build.0 = Release|Any CPU
		{36851009-586E-4936-90E1-976DBB102958}.Debug|Any CPU.ActiveCfg = Debug|Any CPU
		{36851009-586E-4936-90E1-976DBB102958}.Debug|Any CPU.Build.0 = Debug|Any CPU
		{36851009-586E-4936-90E1-976DBB102958}.Release|Any CPU.ActiveCfg = Release|Any CPU
		{36851009-586E-4936-90E1-976DBB102958}.Release|Any CPU.Build.0 = Release|Any CPU
		{6F426F84-0B21-489F-9CD7-96CAF92D0F43}.Debug|Any CPU.ActiveCfg = Debug|Any CPU
		{6F426F84-0B21-489F-9CD7-96CAF92D0F43}.Debug|Any CPU.Build.0 = Debug|Any CPU
		{6F426F84-0B21-489F-9CD7-96CAF92D0F43}.Release|Any CPU.ActiveCfg = Release|Any CPU
		{6F426F84-0B21-489F-9CD7-96CAF92D0F43}.Release|Any CPU.Build.0 = Release|Any CPU
		{89A3B5BA-DA9D-419A-B31A-65FEBD9318EC}.Debug|Any CPU.ActiveCfg = Debug|Any CPU
		{89A3B5BA-DA9D-419A-B31A-65FEBD9318EC}.Debug|Any CPU.Build.0 = Debug|Any CPU
		{89A3B5BA-DA9D-419A-B31A-65FEBD9318EC}.Release|Any CPU.ActiveCfg = Release|Any CPU
		{89A3B5BA-DA9D-419A-B31A-65FEBD9318EC}.Release|Any CPU.Build.0 = Release|Any CPU
		{0CDECC24-0124-4F4B-8F8A-255EC881F022}.Debug|Any CPU.ActiveCfg = Debug|Any CPU
		{0CDECC24-0124-4F4B-8F8A-255EC881F022}.Debug|Any CPU.Build.0 = Debug|Any CPU
		{0CDECC24-0124-4F4B-8F8A-255EC881F022}.Release|Any CPU.ActiveCfg = Release|Any CPU
		{0CDECC24-0124-4F4B-8F8A-255EC881F022}.Release|Any CPU.Build.0 = Release|Any CPU
		{C1943F55-60CD-478C-9D4B-350780467CD4}.Debug|Any CPU.ActiveCfg = Debug|Any CPU
		{C1943F55-60CD-478C-9D4B-350780467CD4}.Debug|Any CPU.Build.0 = Debug|Any CPU
		{C1943F55-60CD-478C-9D4B-350780467CD4}.Release|Any CPU.ActiveCfg = Release|Any CPU
		{C1943F55-60CD-478C-9D4B-350780467CD4}.Release|Any CPU.Build.0 = Release|Any CPU
		{5749A5F5-2DBA-44A5-B283-E962B54C1E89}.Debug|Any CPU.ActiveCfg = Debug|Any CPU
		{5749A5F5-2DBA-44A5-B283-E962B54C1E89}.Debug|Any CPU.Build.0 = Debug|Any CPU
		{5749A5F5-2DBA-44A5-B283-E962B54C1E89}.Release|Any CPU.ActiveCfg = Release|Any CPU
		{5749A5F5-2DBA-44A5-B283-E962B54C1E89}.Release|Any CPU.Build.0 = Release|Any CPU
	EndGlobalSection
	GlobalSection(SolutionProperties) = preSolution
		HideSolutionNode = FALSE
	EndGlobalSection
	GlobalSection(ExtensibilityGlobals) = postSolution
		SolutionGuid = {E00873E7-2059-4338-A768-2F383142D25E}
	EndGlobalSection
EndGlobal
