
Microsoft Visual Studio Solution File, Format Version 12.00
# Visual Studio Version 16
VisualStudioVersion = 16.0.28803.452
MinimumVisualStudioVersion = 10.0.40219.1
Project("{9A19103F-16F7-4668-BE54-9A1E7A4F7556}") = "01.SpringVacationTrip", "01.SpringVacationTrip\01.SpringVacationTrip.csproj", "{08381A09-8E75-430C-8337-91C88517149D}"
EndProject
Project("{FAE04EC0-301F-11D3-BF4B-00C04F79EFBC}") = "02.HelloFrance", "..\02.HelloFrance\02.HelloFrance.csproj", "{644F47D9-1935-45C6-8B3C-965EA0228697}"
EndProject
Global
	GlobalSection(SolutionConfigurationPlatforms) = preSolution
		Debug|Any CPU = Debug|Any CPU
		Release|Any CPU = Release|Any CPU
	EndGlobalSection
	GlobalSection(ProjectConfigurationPlatforms) = postSolution
		{08381A09-8E75-430C-8337-91C88517149D}.Debug|Any CPU.ActiveCfg = Debug|Any CPU
		{08381A09-8E75-430C-8337-91C88517149D}.Debug|Any CPU.Build.0 = Debug|Any CPU
		{08381A09-8E75-430C-8337-91C88517149D}.Release|Any CPU.ActiveCfg = Release|Any CPU
		{08381A09-8E75-430C-8337-91C88517149D}.Release|Any CPU.Build.0 = Release|Any CPU
		{644F47D9-1935-45C6-8B3C-965EA0228697}.Debug|Any CPU.ActiveCfg = Debug|Any CPU
		{644F47D9-1935-45C6-8B3C-965EA0228697}.Debug|Any CPU.Build.0 = Debug|Any CPU
		{644F47D9-1935-45C6-8B3C-965EA0228697}.Release|Any CPU.ActiveCfg = Release|Any CPU
		{644F47D9-1935-45C6-8B3C-965EA0228697}.Release|Any CPU.Build.0 = Release|Any CPU
	EndGlobalSection
	GlobalSection(SolutionProperties) = preSolution
		HideSolutionNode = FALSE
	EndGlobalSection
	GlobalSection(ExtensibilityGlobals) = postSolution
		SolutionGuid = {F12C8DC7-DE6F-46B4-B68E-467533C5D3D5}
	EndGlobalSection
EndGlobal
