
Microsoft Visual Studio Solution File, Format Version 12.00
# Visual Studio 15
VisualStudioVersion = 15.0.27703.2047
MinimumVisualStudioVersion = 10.0.40219.1
Project("{FAE04EC0-301F-11D3-BF4B-00C04F79EFBC}") = "01.ChristmasSpirit", "01.ChristmasSpirit\01.ChristmasSpirit.csproj", "{F0D0CCC2-5B5A-43A5-BE2F-CD95DF500D8B}"
EndProject
Project("{FAE04EC0-301F-11D3-BF4B-00C04F79EFBC}") = "02.SantaList", "02.SantaList\02.SantaList.csproj", "{BA775962-A410-4D2E-A7ED-329626378B05}"
EndProject
Project("{FAE04EC0-301F-11D3-BF4B-00C04F79EFBC}") = "03.PresentDelivery", "03.PresentDelivery\03.PresentDelivery.csproj", "{04CF8793-1CE2-40C6-9BCB-650CC21F67F2}"
EndProject
Global
	GlobalSection(SolutionConfigurationPlatforms) = preSolution
		Debug|Any CPU = Debug|Any CPU
		Release|Any CPU = Release|Any CPU
	EndGlobalSection
	GlobalSection(ProjectConfigurationPlatforms) = postSolution
		{F0D0CCC2-5B5A-43A5-BE2F-CD95DF500D8B}.Debug|Any CPU.ActiveCfg = Debug|Any CPU
		{F0D0CCC2-5B5A-43A5-BE2F-CD95DF500D8B}.Debug|Any CPU.Build.0 = Debug|Any CPU
		{F0D0CCC2-5B5A-43A5-BE2F-CD95DF500D8B}.Release|Any CPU.ActiveCfg = Release|Any CPU
		{F0D0CCC2-5B5A-43A5-BE2F-CD95DF500D8B}.Release|Any CPU.Build.0 = Release|Any CPU
		{BA775962-A410-4D2E-A7ED-329626378B05}.Debug|Any CPU.ActiveCfg = Debug|Any CPU
		{BA775962-A410-4D2E-A7ED-329626378B05}.Debug|Any CPU.Build.0 = Debug|Any CPU
		{BA775962-A410-4D2E-A7ED-329626378B05}.Release|Any CPU.ActiveCfg = Release|Any CPU
		{BA775962-A410-4D2E-A7ED-329626378B05}.Release|Any CPU.Build.0 = Release|Any CPU
		{04CF8793-1CE2-40C6-9BCB-650CC21F67F2}.Debug|Any CPU.ActiveCfg = Debug|Any CPU
		{04CF8793-1CE2-40C6-9BCB-650CC21F67F2}.Debug|Any CPU.Build.0 = Debug|Any CPU
		{04CF8793-1CE2-40C6-9BCB-650CC21F67F2}.Release|Any CPU.ActiveCfg = Release|Any CPU
		{04CF8793-1CE2-40C6-9BCB-650CC21F67F2}.Release|Any CPU.Build.0 = Release|Any CPU
	EndGlobalSection
	GlobalSection(SolutionProperties) = preSolution
		HideSolutionNode = FALSE
	EndGlobalSection
	GlobalSection(ExtensibilityGlobals) = postSolution
		SolutionGuid = {DB76CF2B-BF2F-48D6-8630-24FF6D97D298}
	EndGlobalSection
EndGlobal
