
Microsoft Visual Studio Solution File, Format Version 12.00
# Visual Studio Version 16
VisualStudioVersion = 16.0.29519.87
MinimumVisualStudioVersion = 10.0.40219.1
Project("{FAE04EC0-301F-11D3-BF4B-00C04F79EFBC}") = "01.Username", "01.Username\01.Username.csproj", "{D04E3B14-B028-4415-9748-6EA78C28DE42}"
EndProject
Project("{FAE04EC0-301F-11D3-BF4B-00C04F79EFBC}") = "02.Password", "02.Password\02.Password.csproj", "{37812169-2D0C-4F2E-B09E-6C9058795E16}"
EndProject
Project("{FAE04EC0-301F-11D3-BF4B-00C04F79EFBC}") = "03.Followers", "03.Followers\03.Followers.csproj", "{D91382DF-4781-48C8-BC78-CCA776BDDF03}"
EndProject
Global
	GlobalSection(SolutionConfigurationPlatforms) = preSolution
		Debug|Any CPU = Debug|Any CPU
		Release|Any CPU = Release|Any CPU
	EndGlobalSection
	GlobalSection(ProjectConfigurationPlatforms) = postSolution
		{D04E3B14-B028-4415-9748-6EA78C28DE42}.Debug|Any CPU.ActiveCfg = Debug|Any CPU
		{D04E3B14-B028-4415-9748-6EA78C28DE42}.Debug|Any CPU.Build.0 = Debug|Any CPU
		{D04E3B14-B028-4415-9748-6EA78C28DE42}.Release|Any CPU.ActiveCfg = Release|Any CPU
		{D04E3B14-B028-4415-9748-6EA78C28DE42}.Release|Any CPU.Build.0 = Release|Any CPU
		{37812169-2D0C-4F2E-B09E-6C9058795E16}.Debug|Any CPU.ActiveCfg = Debug|Any CPU
		{37812169-2D0C-4F2E-B09E-6C9058795E16}.Debug|Any CPU.Build.0 = Debug|Any CPU
		{37812169-2D0C-4F2E-B09E-6C9058795E16}.Release|Any CPU.ActiveCfg = Release|Any CPU
		{37812169-2D0C-4F2E-B09E-6C9058795E16}.Release|Any CPU.Build.0 = Release|Any CPU
		{D91382DF-4781-48C8-BC78-CCA776BDDF03}.Debug|Any CPU.ActiveCfg = Debug|Any CPU
		{D91382DF-4781-48C8-BC78-CCA776BDDF03}.Debug|Any CPU.Build.0 = Debug|Any CPU
		{D91382DF-4781-48C8-BC78-CCA776BDDF03}.Release|Any CPU.ActiveCfg = Release|Any CPU
		{D91382DF-4781-48C8-BC78-CCA776BDDF03}.Release|Any CPU.Build.0 = Release|Any CPU
	EndGlobalSection
	GlobalSection(SolutionProperties) = preSolution
		HideSolutionNode = FALSE
	EndGlobalSection
	GlobalSection(ExtensibilityGlobals) = postSolution
		SolutionGuid = {880DB7D3-655D-44B3-80E1-BD7230A39F39}
	EndGlobalSection
EndGlobal
