
Microsoft Visual Studio Solution File, Format Version 12.00
# Visual Studio 15
VisualStudioVersion = 15.0.27703.2047
MinimumVisualStudioVersion = 10.0.40219.1
Project("{FAE04EC0-301F-11D3-BF4B-00C04F79EFBC}") = "1.Seaches", "1.Seaches\1.Seaches.csproj", "{C498B917-DD61-4FE4-A5FE-22D9810753A8}"
EndProject
Project("{FAE04EC0-301F-11D3-BF4B-00C04F79EFBC}") = "2.Chat", "2.Chat\2.Chat.csproj", "{0CBCA391-3BB6-410C-9436-8AF916ED86EB}"
EndProject
Project("{FAE04EC0-301F-11D3-BF4B-00C04F79EFBC}") = "4.MeTube", "3.MeTube\4.MeTube.csproj", "{1E22303B-46B3-493A-8A6D-2BBD9AED8D07}"
EndProject
Global
	GlobalSection(SolutionConfigurationPlatforms) = preSolution
		Debug|Any CPU = Debug|Any CPU
		Release|Any CPU = Release|Any CPU
	EndGlobalSection
	GlobalSection(ProjectConfigurationPlatforms) = postSolution
		{C498B917-DD61-4FE4-A5FE-22D9810753A8}.Debug|Any CPU.ActiveCfg = Debug|Any CPU
		{C498B917-DD61-4FE4-A5FE-22D9810753A8}.Debug|Any CPU.Build.0 = Debug|Any CPU
		{C498B917-DD61-4FE4-A5FE-22D9810753A8}.Release|Any CPU.ActiveCfg = Release|Any CPU
		{C498B917-DD61-4FE4-A5FE-22D9810753A8}.Release|Any CPU.Build.0 = Release|Any CPU
		{0CBCA391-3BB6-410C-9436-8AF916ED86EB}.Debug|Any CPU.ActiveCfg = Debug|Any CPU
		{0CBCA391-3BB6-410C-9436-8AF916ED86EB}.Debug|Any CPU.Build.0 = Debug|Any CPU
		{0CBCA391-3BB6-410C-9436-8AF916ED86EB}.Release|Any CPU.ActiveCfg = Release|Any CPU
		{0CBCA391-3BB6-410C-9436-8AF916ED86EB}.Release|Any CPU.Build.0 = Release|Any CPU
		{1E22303B-46B3-493A-8A6D-2BBD9AED8D07}.Debug|Any CPU.ActiveCfg = Debug|Any CPU
		{1E22303B-46B3-493A-8A6D-2BBD9AED8D07}.Debug|Any CPU.Build.0 = Debug|Any CPU
		{1E22303B-46B3-493A-8A6D-2BBD9AED8D07}.Release|Any CPU.ActiveCfg = Release|Any CPU
		{1E22303B-46B3-493A-8A6D-2BBD9AED8D07}.Release|Any CPU.Build.0 = Release|Any CPU
	EndGlobalSection
	GlobalSection(SolutionProperties) = preSolution
		HideSolutionNode = FALSE
	EndGlobalSection
	GlobalSection(ExtensibilityGlobals) = postSolution
		SolutionGuid = {E09376E7-709E-4F10-A48F-F4FE915012A7}
	EndGlobalSection
EndGlobal
