
Microsoft Visual Studio Solution File, Format Version 12.00
# Visual Studio 15
VisualStudioVersion = 15.0.27703.2047
MinimumVisualStudioVersion = 10.0.40219.1
Project("{FAE04EC0-301F-11D3-BF4B-00C04F79EFBC}") = "01.CountSameValue", "01.CountSameValue\01.CountSameValue.csproj", "{28CD23BF-D666-4EC8-8C0B-08DEF27604F0}"
EndProject
Global
	GlobalSection(SolutionConfigurationPlatforms) = preSolution
		Debug|Any CPU = Debug|Any CPU
		Release|Any CPU = Release|Any CPU
	EndGlobalSection
	GlobalSection(ProjectConfigurationPlatforms) = postSolution
		{28CD23BF-D666-4EC8-8C0B-08DEF27604F0}.Debug|Any CPU.ActiveCfg = Debug|Any CPU
		{28CD23BF-D666-4EC8-8C0B-08DEF27604F0}.Debug|Any CPU.Build.0 = Debug|Any CPU
		{28CD23BF-D666-4EC8-8C0B-08DEF27604F0}.Release|Any CPU.ActiveCfg = Release|Any CPU
		{28CD23BF-D666-4EC8-8C0B-08DEF27604F0}.Release|Any CPU.Build.0 = Release|Any CPU
	EndGlobalSection
	GlobalSection(SolutionProperties) = preSolution
		HideSolutionNode = FALSE
	EndGlobalSection
	GlobalSection(ExtensibilityGlobals) = postSolution
		SolutionGuid = {70671B30-1FB0-4EEF-959B-6C80F81CB918}
	EndGlobalSection
EndGlobal
