
Microsoft Visual Studio Solution File, Format Version 12.00
# Visual Studio 15
VisualStudioVersion = 15.0.27703.2047
MinimumVisualStudioVersion = 10.0.40219.1
Project("{FAE04EC0-301F-11D3-BF4B-00C04F79EFBC}") = "01.Dictionary", "01.Dictionary\01.Dictionary.csproj", "{ED79AE7C-2995-4251-87DE-FF7DDB793D72}"
EndProject
Global
	GlobalSection(SolutionConfigurationPlatforms) = preSolution
		Debug|Any CPU = Debug|Any CPU
		Release|Any CPU = Release|Any CPU
	EndGlobalSection
	GlobalSection(ProjectConfigurationPlatforms) = postSolution
		{ED79AE7C-2995-4251-87DE-FF7DDB793D72}.Debug|Any CPU.ActiveCfg = Debug|Any CPU
		{ED79AE7C-2995-4251-87DE-FF7DDB793D72}.Debug|Any CPU.Build.0 = Debug|Any CPU
		{ED79AE7C-2995-4251-87DE-FF7DDB793D72}.Release|Any CPU.ActiveCfg = Release|Any CPU
		{ED79AE7C-2995-4251-87DE-FF7DDB793D72}.Release|Any CPU.Build.0 = Release|Any CPU
	EndGlobalSection
	GlobalSection(SolutionProperties) = preSolution
		HideSolutionNode = FALSE
	EndGlobalSection
	GlobalSection(ExtensibilityGlobals) = postSolution
		SolutionGuid = {46537E96-F056-45C7-8C67-B0C30B3D4B14}
	EndGlobalSection
EndGlobal
