
Microsoft Visual Studio Solution File, Format Version 12.00
# Visual Studio 15
VisualStudioVersion = 15.0.27703.2047
MinimumVisualStudioVersion = 10.0.40219.1
Project("{FAE04EC0-301F-11D3-BF4B-00C04F79EFBC}") = "01.Square Area", "01.Square Area\01.Square Area.csproj", "{B17E47EA-A675-4887-BCFF-DC8605725D68}"
EndProject
Project("{FAE04EC0-301F-11D3-BF4B-00C04F79EFBC}") = "02.Inches to Centimeters", "02.Inches to Centimeters\02.Inches to Centimeters.csproj", "{B4519966-47DC-42AC-B678-2085CC7CED15}"
EndProject
Project("{FAE04EC0-301F-11D3-BF4B-00C04F79EFBC}") = "03.Gretting by Name", "03.Gretting by Name\03.Gretting by Name.csproj", "{70458A26-6C50-4EE2-A2CD-A28917E10628}"
EndProject
Project("{FAE04EC0-301F-11D3-BF4B-00C04F79EFBC}") = "04.Concatenate Data", "04.Concatenate Data\04.Concatenate Data.csproj", "{F21D4EC8-E277-40CF-9AB4-6CADE2F88925}"
EndProject
Project("{FAE04EC0-301F-11D3-BF4B-00C04F79EFBC}") = "05.Trapeziod Area", "05.Trapeziod Area\05.Trapeziod Area.csproj", "{09FE784C-0C7A-4A24-B68A-F2AF291DB632}"
EndProject
Project("{FAE04EC0-301F-11D3-BF4B-00C04F79EFBC}") = "06.Circle Area and Perimeter", "06.Circle Area and Perimeter\06.Circle Area and Perimeter.csproj", "{C97FF273-2C77-4ED2-B55D-6F38C7DE01AF}"
EndProject
Project("{FAE04EC0-301F-11D3-BF4B-00C04F79EFBC}") = "07.Rectangle Area", "07.Rectangle Area\07.Rectangle Area.csproj", "{C9B75698-058E-42D4-A530-B7F41A345425}"
EndProject
Project("{FAE04EC0-301F-11D3-BF4B-00C04F79EFBC}") = "08.Triangle Area", "08.Triangle Area\08.Triangle Area.csproj", "{F6E1DC45-0430-42AB-B4E6-F62E19BFE540}"
EndProject
Project("{FAE04EC0-301F-11D3-BF4B-00C04F79EFBC}") = "09.Celsius to Fahrenheit", "09.Celsius to Fahrenheit\09.Celsius to Fahrenheit.csproj", "{F4FB304F-9474-4981-BB22-37E81BDE48A1}"
EndProject
Project("{FAE04EC0-301F-11D3-BF4B-00C04F79EFBC}") = "10.Radians to Degrees", "10.Radians to Degrees\10.Radians to Degrees.csproj", "{F4269698-45A2-4D96-A832-05F96834EFEF}"
EndProject
Project("{FAE04EC0-301F-11D3-BF4B-00C04F79EFBC}") = "11.USD to BGN", "11.USD to BGN\11.USD to BGN.csproj", "{E91027FC-F31D-4175-B35B-A142299C42C7}"
EndProject
Project("{FAE04EC0-301F-11D3-BF4B-00C04F79EFBC}") = "12.Currency Converter", "12.Currency Converter\12.Currency Converter.csproj", "{8A1A7846-767A-489E-B492-0CED21899DF7}"
EndProject
Project("{FAE04EC0-301F-11D3-BF4B-00C04F79EFBC}") = "13.LawfulAge", "13.LawfulAge\13.LawfulAge.csproj", "{11E9DF4C-87FC-430E-A25F-8FE5BC66F4F5}"
EndProject
Project("{FAE04EC0-301F-11D3-BF4B-00C04F79EFBC}") = "14.Time For Party", "14.Time For Party\14.Time For Party.csproj", "{20720492-0093-40C2-81FD-DDD6A7C85C92}"
EndProject
Global
	GlobalSection(SolutionConfigurationPlatforms) = preSolution
		Debug|Any CPU = Debug|Any CPU
		Release|Any CPU = Release|Any CPU
	EndGlobalSection
	GlobalSection(ProjectConfigurationPlatforms) = postSolution
		{B17E47EA-A675-4887-BCFF-DC8605725D68}.Debug|Any CPU.ActiveCfg = Debug|Any CPU
		{B17E47EA-A675-4887-BCFF-DC8605725D68}.Debug|Any CPU.Build.0 = Debug|Any CPU
		{B17E47EA-A675-4887-BCFF-DC8605725D68}.Release|Any CPU.ActiveCfg = Release|Any CPU
		{B17E47EA-A675-4887-BCFF-DC8605725D68}.Release|Any CPU.Build.0 = Release|Any CPU
		{B4519966-47DC-42AC-B678-2085CC7CED15}.Debug|Any CPU.ActiveCfg = Debug|Any CPU
		{B4519966-47DC-42AC-B678-2085CC7CED15}.Debug|Any CPU.Build.0 = Debug|Any CPU
		{B4519966-47DC-42AC-B678-2085CC7CED15}.Release|Any CPU.ActiveCfg = Release|Any CPU
		{B4519966-47DC-42AC-B678-2085CC7CED15}.Release|Any CPU.Build.0 = Release|Any CPU
		{70458A26-6C50-4EE2-A2CD-A28917E10628}.Debug|Any CPU.ActiveCfg = Debug|Any CPU
		{70458A26-6C50-4EE2-A2CD-A28917E10628}.Debug|Any CPU.Build.0 = Debug|Any CPU
		{70458A26-6C50-4EE2-A2CD-A28917E10628}.Release|Any CPU.ActiveCfg = Release|Any CPU
		{70458A26-6C50-4EE2-A2CD-A28917E10628}.Release|Any CPU.Build.0 = Release|Any CPU
		{F21D4EC8-E277-40CF-9AB4-6CADE2F88925}.Debug|Any CPU.ActiveCfg = Debug|Any CPU
		{F21D4EC8-E277-40CF-9AB4-6CADE2F88925}.Debug|Any CPU.Build.0 = Debug|Any CPU
		{F21D4EC8-E277-40CF-9AB4-6CADE2F88925}.Release|Any CPU.ActiveCfg = Release|Any CPU
		{F21D4EC8-E277-40CF-9AB4-6CADE2F88925}.Release|Any CPU.Build.0 = Release|Any CPU
		{09FE784C-0C7A-4A24-B68A-F2AF291DB632}.Debug|Any CPU.ActiveCfg = Debug|Any CPU
		{09FE784C-0C7A-4A24-B68A-F2AF291DB632}.Debug|Any CPU.Build.0 = Debug|Any CPU
		{09FE784C-0C7A-4A24-B68A-F2AF291DB632}.Release|Any CPU.ActiveCfg = Release|Any CPU
		{09FE784C-0C7A-4A24-B68A-F2AF291DB632}.Release|Any CPU.Build.0 = Release|Any CPU
		{C97FF273-2C77-4ED2-B55D-6F38C7DE01AF}.Debug|Any CPU.ActiveCfg = Debug|Any CPU
		{C97FF273-2C77-4ED2-B55D-6F38C7DE01AF}.Debug|Any CPU.Build.0 = Debug|Any CPU
		{C97FF273-2C77-4ED2-B55D-6F38C7DE01AF}.Release|Any CPU.ActiveCfg = Release|Any CPU
		{C97FF273-2C77-4ED2-B55D-6F38C7DE01AF}.Release|Any CPU.Build.0 = Release|Any CPU
		{C9B75698-058E-42D4-A530-B7F41A345425}.Debug|Any CPU.ActiveCfg = Debug|Any CPU
		{C9B75698-058E-42D4-A530-B7F41A345425}.Debug|Any CPU.Build.0 = Debug|Any CPU
		{C9B75698-058E-42D4-A530-B7F41A345425}.Release|Any CPU.ActiveCfg = Release|Any CPU
		{C9B75698-058E-42D4-A530-B7F41A345425}.Release|Any CPU.Build.0 = Release|Any CPU
		{F6E1DC45-0430-42AB-B4E6-F62E19BFE540}.Debug|Any CPU.ActiveCfg = Debug|Any CPU
		{F6E1DC45-0430-42AB-B4E6-F62E19BFE540}.Debug|Any CPU.Build.0 = Debug|Any CPU
		{F6E1DC45-0430-42AB-B4E6-F62E19BFE540}.Release|Any CPU.ActiveCfg = Release|Any CPU
		{F6E1DC45-0430-42AB-B4E6-F62E19BFE540}.Release|Any CPU.Build.0 = Release|Any CPU
		{F4FB304F-9474-4981-BB22-37E81BDE48A1}.Debug|Any CPU.ActiveCfg = Debug|Any CPU
		{F4FB304F-9474-4981-BB22-37E81BDE48A1}.Debug|Any CPU.Build.0 = Debug|Any CPU
		{F4FB304F-9474-4981-BB22-37E81BDE48A1}.Release|Any CPU.ActiveCfg = Release|Any CPU
		{F4FB304F-9474-4981-BB22-37E81BDE48A1}.Release|Any CPU.Build.0 = Release|Any CPU
		{F4269698-45A2-4D96-A832-05F96834EFEF}.Debug|Any CPU.ActiveCfg = Debug|Any CPU
		{F4269698-45A2-4D96-A832-05F96834EFEF}.Debug|Any CPU.Build.0 = Debug|Any CPU
		{F4269698-45A2-4D96-A832-05F96834EFEF}.Release|Any CPU.ActiveCfg = Release|Any CPU
		{F4269698-45A2-4D96-A832-05F96834EFEF}.Release|Any CPU.Build.0 = Release|Any CPU
		{E91027FC-F31D-4175-B35B-A142299C42C7}.Debug|Any CPU.ActiveCfg = Debug|Any CPU
		{E91027FC-F31D-4175-B35B-A142299C42C7}.Debug|Any CPU.Build.0 = Debug|Any CPU
		{E91027FC-F31D-4175-B35B-A142299C42C7}.Release|Any CPU.ActiveCfg = Release|Any CPU
		{E91027FC-F31D-4175-B35B-A142299C42C7}.Release|Any CPU.Build.0 = Release|Any CPU
		{8A1A7846-767A-489E-B492-0CED21899DF7}.Debug|Any CPU.ActiveCfg = Debug|Any CPU
		{8A1A7846-767A-489E-B492-0CED21899DF7}.Debug|Any CPU.Build.0 = Debug|Any CPU
		{8A1A7846-767A-489E-B492-0CED21899DF7}.Release|Any CPU.ActiveCfg = Release|Any CPU
		{8A1A7846-767A-489E-B492-0CED21899DF7}.Release|Any CPU.Build.0 = Release|Any CPU
		{11E9DF4C-87FC-430E-A25F-8FE5BC66F4F5}.Debug|Any CPU.ActiveCfg = Debug|Any CPU
		{11E9DF4C-87FC-430E-A25F-8FE5BC66F4F5}.Debug|Any CPU.Build.0 = Debug|Any CPU
		{11E9DF4C-87FC-430E-A25F-8FE5BC66F4F5}.Release|Any CPU.ActiveCfg = Release|Any CPU
		{11E9DF4C-87FC-430E-A25F-8FE5BC66F4F5}.Release|Any CPU.Build.0 = Release|Any CPU
		{20720492-0093-40C2-81FD-DDD6A7C85C92}.Debug|Any CPU.ActiveCfg = Debug|Any CPU
		{20720492-0093-40C2-81FD-DDD6A7C85C92}.Debug|Any CPU.Build.0 = Debug|Any CPU
		{20720492-0093-40C2-81FD-DDD6A7C85C92}.Release|Any CPU.ActiveCfg = Release|Any CPU
		{20720492-0093-40C2-81FD-DDD6A7C85C92}.Release|Any CPU.Build.0 = Release|Any CPU
	EndGlobalSection
	GlobalSection(SolutionProperties) = preSolution
		HideSolutionNode = FALSE
	EndGlobalSection
	GlobalSection(ExtensibilityGlobals) = postSolution
		SolutionGuid = {0446B8A3-D220-4587-B789-379AD039143C}
	EndGlobalSection
EndGlobal
