
Microsoft Visual Studio Solution File, Format Version 12.00
# Visual Studio 15
VisualStudioVersion = 15.0.27703.2047
MinimumVisualStudioVersion = 10.0.40219.1
Project("{FAE04EC0-301F-11D3-BF4B-00C04F79EFBC}") = "01.ThreeBrothers", "01.ThreeBrothers\01.ThreeBrothers.csproj", "{20CDA212-6E2E-4096-8A1B-E20D1EB8C4A8}"
EndProject
Project("{FAE04EC0-301F-11D3-BF4B-00C04F79EFBC}") = "02.Scholarship", "02.Scholarship\02.Scholarship.csproj", "{96902B04-C193-41BF-8A8F-B1263EE68978}"
EndProject
Project("{FAE04EC0-301F-11D3-BF4B-00C04F79EFBC}") = "03.Choreography", "03.Choreography\03.Choreography.csproj", "{29F036CB-F47D-4C95-BC71-A97EF1B46CC5}"
EndProject
Project("{FAE04EC0-301F-11D3-BF4B-00C04F79EFBC}") = "04.WorldSwimming", "04.WorldSwimming\04.WorldSwimming.csproj", "{1380EE8C-68F1-4B57-8620-346C8F8514AA}"
EndProject
Global
	GlobalSection(SolutionConfigurationPlatforms) = preSolution
		Debug|Any CPU = Debug|Any CPU
		Release|Any CPU = Release|Any CPU
	EndGlobalSection
	GlobalSection(ProjectConfigurationPlatforms) = postSolution
		{20CDA212-6E2E-4096-8A1B-E20D1EB8C4A8}.Debug|Any CPU.ActiveCfg = Debug|Any CPU
		{20CDA212-6E2E-4096-8A1B-E20D1EB8C4A8}.Debug|Any CPU.Build.0 = Debug|Any CPU
		{20CDA212-6E2E-4096-8A1B-E20D1EB8C4A8}.Release|Any CPU.ActiveCfg = Release|Any CPU
		{20CDA212-6E2E-4096-8A1B-E20D1EB8C4A8}.Release|Any CPU.Build.0 = Release|Any CPU
		{96902B04-C193-41BF-8A8F-B1263EE68978}.Debug|Any CPU.ActiveCfg = Debug|Any CPU
		{96902B04-C193-41BF-8A8F-B1263EE68978}.Debug|Any CPU.Build.0 = Debug|Any CPU
		{96902B04-C193-41BF-8A8F-B1263EE68978}.Release|Any CPU.ActiveCfg = Release|Any CPU
		{96902B04-C193-41BF-8A8F-B1263EE68978}.Release|Any CPU.Build.0 = Release|Any CPU
		{29F036CB-F47D-4C95-BC71-A97EF1B46CC5}.Debug|Any CPU.ActiveCfg = Debug|Any CPU
		{29F036CB-F47D-4C95-BC71-A97EF1B46CC5}.Debug|Any CPU.Build.0 = Debug|Any CPU
		{29F036CB-F47D-4C95-BC71-A97EF1B46CC5}.Release|Any CPU.ActiveCfg = Release|Any CPU
		{29F036CB-F47D-4C95-BC71-A97EF1B46CC5}.Release|Any CPU.Build.0 = Release|Any CPU
		{1380EE8C-68F1-4B57-8620-346C8F8514AA}.Debug|Any CPU.ActiveCfg = Debug|Any CPU
		{1380EE8C-68F1-4B57-8620-346C8F8514AA}.Debug|Any CPU.Build.0 = Debug|Any CPU
		{1380EE8C-68F1-4B57-8620-346C8F8514AA}.Release|Any CPU.ActiveCfg = Release|Any CPU
		{1380EE8C-68F1-4B57-8620-346C8F8514AA}.Release|Any CPU.Build.0 = Release|Any CPU
	EndGlobalSection
	GlobalSection(SolutionProperties) = preSolution
		HideSolutionNode = FALSE
	EndGlobalSection
	GlobalSection(ExtensibilityGlobals) = postSolution
		SolutionGuid = {2B3FFF84-A662-424F-B478-C1BCEAD6EE14}
	EndGlobalSection
EndGlobal
