
Microsoft Visual Studio Solution File, Format Version 12.00
# Visual Studio Version 16
VisualStudioVersion = 16.0.28803.452
MinimumVisualStudioVersion = 10.0.40219.1
Project("{FAE04EC0-301F-11D3-BF4B-00C04F79EFBC}") = "02. Practice Sessions", "02. Practice Sessions\02. Practice Sessions.csproj", "{AA260AA1-DDAE-4593-BD98-AB6F86068E92}"
EndProject
Project("{FAE04EC0-301F-11D3-BF4B-00C04F79EFBC}") = "01.IsleManRace", "01.IsleManRace\01.IsleManRace.csproj", "{CF1334FD-43F8-4AEC-8916-A05BC25BF013}"
EndProject
Global
	GlobalSection(SolutionConfigurationPlatforms) = preSolution
		Debug|Any CPU = Debug|Any CPU
		Release|Any CPU = Release|Any CPU
	EndGlobalSection
	GlobalSection(ProjectConfigurationPlatforms) = postSolution
		{AA260AA1-DDAE-4593-BD98-AB6F86068E92}.Debug|Any CPU.ActiveCfg = Debug|Any CPU
		{AA260AA1-DDAE-4593-BD98-AB6F86068E92}.Debug|Any CPU.Build.0 = Debug|Any CPU
		{AA260AA1-DDAE-4593-BD98-AB6F86068E92}.Release|Any CPU.ActiveCfg = Release|Any CPU
		{AA260AA1-DDAE-4593-BD98-AB6F86068E92}.Release|Any CPU.Build.0 = Release|Any CPU
		{CF1334FD-43F8-4AEC-8916-A05BC25BF013}.Debug|Any CPU.ActiveCfg = Debug|Any CPU
		{CF1334FD-43F8-4AEC-8916-A05BC25BF013}.Debug|Any CPU.Build.0 = Debug|Any CPU
		{CF1334FD-43F8-4AEC-8916-A05BC25BF013}.Release|Any CPU.ActiveCfg = Release|Any CPU
		{CF1334FD-43F8-4AEC-8916-A05BC25BF013}.Release|Any CPU.Build.0 = Release|Any CPU
	EndGlobalSection
	GlobalSection(SolutionProperties) = preSolution
		HideSolutionNode = FALSE
	EndGlobalSection
	GlobalSection(ExtensibilityGlobals) = postSolution
		SolutionGuid = {5B6D12C4-EBAB-4B91-86E9-123D6DFA46F7}
	EndGlobalSection
EndGlobal
