
Microsoft Visual Studio Solution File, Format Version 12.00
# Visual Studio Version 16
VisualStudioVersion = 16.0.28803.452
MinimumVisualStudioVersion = 10.0.40219.1
Project("{FAE04EC0-301F-11D3-BF4B-00C04F79EFBC}") = "01.Problem1", "01.Problem1\01.Problem1.csproj", "{C632DA35-5319-494C-999A-3B5891AE990F}"
EndProject
Project("{FAE04EC0-301F-11D3-BF4B-00C04F79EFBC}") = "02.Problem2", "02.Problem2\02.Problem2.csproj", "{EBC52AE3-6881-46B8-9573-635C42C3A38C}"
EndProject
Project("{FAE04EC0-301F-11D3-BF4B-00C04F79EFBC}") = "03.Problem3", "03.Problem3\03.Problem3.csproj", "{437952AB-945A-493D-B9AF-431827E9F338}"
EndProject
Global
	GlobalSection(SolutionConfigurationPlatforms) = preSolution
		Debug|Any CPU = Debug|Any CPU
		Release|Any CPU = Release|Any CPU
	EndGlobalSection
	GlobalSection(ProjectConfigurationPlatforms) = postSolution
		{C632DA35-5319-494C-999A-3B5891AE990F}.Debug|Any CPU.ActiveCfg = Debug|Any CPU
		{C632DA35-5319-494C-999A-3B5891AE990F}.Debug|Any CPU.Build.0 = Debug|Any CPU
		{C632DA35-5319-494C-999A-3B5891AE990F}.Release|Any CPU.ActiveCfg = Release|Any CPU
		{C632DA35-5319-494C-999A-3B5891AE990F}.Release|Any CPU.Build.0 = Release|Any CPU
		{EBC52AE3-6881-46B8-9573-635C42C3A38C}.Debug|Any CPU.ActiveCfg = Debug|Any CPU
		{EBC52AE3-6881-46B8-9573-635C42C3A38C}.Debug|Any CPU.Build.0 = Debug|Any CPU
		{EBC52AE3-6881-46B8-9573-635C42C3A38C}.Release|Any CPU.ActiveCfg = Release|Any CPU
		{EBC52AE3-6881-46B8-9573-635C42C3A38C}.Release|Any CPU.Build.0 = Release|Any CPU
		{437952AB-945A-493D-B9AF-431827E9F338}.Debug|Any CPU.ActiveCfg = Debug|Any CPU
		{437952AB-945A-493D-B9AF-431827E9F338}.Debug|Any CPU.Build.0 = Debug|Any CPU
		{437952AB-945A-493D-B9AF-431827E9F338}.Release|Any CPU.ActiveCfg = Release|Any CPU
		{437952AB-945A-493D-B9AF-431827E9F338}.Release|Any CPU.Build.0 = Release|Any CPU
	EndGlobalSection
	GlobalSection(SolutionProperties) = preSolution
		HideSolutionNode = FALSE
	EndGlobalSection
	GlobalSection(ExtensibilityGlobals) = postSolution
		SolutionGuid = {2F29A5FC-32D0-4351-A333-F18F01403E79}
	EndGlobalSection
EndGlobal
