
Microsoft Visual Studio Solution File, Format Version 12.00
# Visual Studio Version 16
VisualStudioVersion = 16.0.28803.452
MinimumVisualStudioVersion = 10.0.40219.1
Project("{9A19103F-16F7-4668-BE54-9A1E7A4F7556}") = "01.RageExprenses", "01.RageExprenses\01.RageExprenses.csproj", "{42AA4AE3-6181-43A6-ABC2-5EE79BD670B1}"
EndProject
Project("{9A19103F-16F7-4668-BE54-9A1E7A4F7556}") = "02.MemoryView", "02.MemoryView\02.MemoryView.csproj", "{F65644CE-880E-4E51-BB6E-81F9D6124D4E}"
EndProject
Project("{FAE04EC0-301F-11D3-BF4B-00C04F79EFBC}") = "03.TseamAccount", "03.TseamAccount\03.TseamAccount.csproj", "{03B35765-D78C-422A-8B58-EE7BB801D0AF}"
EndProject
Project("{FAE04EC0-301F-11D3-BF4B-00C04F79EFBC}") = "04.MOBAChallenger", "04.MOBAChallenger\04.MOBAChallenger.csproj", "{EBE075BF-F7CE-4C58-82E8-02C37C948AFC}"
EndProject
Global
	GlobalSection(SolutionConfigurationPlatforms) = preSolution
		Debug|Any CPU = Debug|Any CPU
		Release|Any CPU = Release|Any CPU
	EndGlobalSection
	GlobalSection(ProjectConfigurationPlatforms) = postSolution
		{42AA4AE3-6181-43A6-ABC2-5EE79BD670B1}.Debug|Any CPU.ActiveCfg = Debug|Any CPU
		{42AA4AE3-6181-43A6-ABC2-5EE79BD670B1}.Debug|Any CPU.Build.0 = Debug|Any CPU
		{42AA4AE3-6181-43A6-ABC2-5EE79BD670B1}.Release|Any CPU.ActiveCfg = Release|Any CPU
		{42AA4AE3-6181-43A6-ABC2-5EE79BD670B1}.Release|Any CPU.Build.0 = Release|Any CPU
		{F65644CE-880E-4E51-BB6E-81F9D6124D4E}.Debug|Any CPU.ActiveCfg = Debug|Any CPU
		{F65644CE-880E-4E51-BB6E-81F9D6124D4E}.Debug|Any CPU.Build.0 = Debug|Any CPU
		{F65644CE-880E-4E51-BB6E-81F9D6124D4E}.Release|Any CPU.ActiveCfg = Release|Any CPU
		{F65644CE-880E-4E51-BB6E-81F9D6124D4E}.Release|Any CPU.Build.0 = Release|Any CPU
		{03B35765-D78C-422A-8B58-EE7BB801D0AF}.Debug|Any CPU.ActiveCfg = Debug|Any CPU
		{03B35765-D78C-422A-8B58-EE7BB801D0AF}.Debug|Any CPU.Build.0 = Debug|Any CPU
		{03B35765-D78C-422A-8B58-EE7BB801D0AF}.Release|Any CPU.ActiveCfg = Release|Any CPU
		{03B35765-D78C-422A-8B58-EE7BB801D0AF}.Release|Any CPU.Build.0 = Release|Any CPU
		{EBE075BF-F7CE-4C58-82E8-02C37C948AFC}.Debug|Any CPU.ActiveCfg = Debug|Any CPU
		{EBE075BF-F7CE-4C58-82E8-02C37C948AFC}.Debug|Any CPU.Build.0 = Debug|Any CPU
		{EBE075BF-F7CE-4C58-82E8-02C37C948AFC}.Release|Any CPU.ActiveCfg = Release|Any CPU
		{EBE075BF-F7CE-4C58-82E8-02C37C948AFC}.Release|Any CPU.Build.0 = Release|Any CPU
	EndGlobalSection
	GlobalSection(SolutionProperties) = preSolution
		HideSolutionNode = FALSE
	EndGlobalSection
	GlobalSection(ExtensibilityGlobals) = postSolution
		SolutionGuid = {6A213ECE-7195-4CFF-B4C7-6B32E4730C9F}
	EndGlobalSection
EndGlobal
