
Microsoft Visual Studio Solution File, Format Version 12.00
# Visual Studio Version 16
VisualStudioVersion = 16.0.29209.62
MinimumVisualStudioVersion = 10.0.40219.1
Project("{9A19103F-16F7-4668-BE54-9A1E7A4F7556}") = "01.OddLines", "01.OddLines\01.OddLines.csproj", "{9392CF78-8A0D-4FC9-83FD-A17C32704EF0}"
EndProject
Project("{9A19103F-16F7-4668-BE54-9A1E7A4F7556}") = "02.LineNumbers", "02.LineNumbers\02.LineNumbers.csproj", "{86B375B8-6EBA-4456-A037-0CA4CD04A319}"
EndProject
Project("{9A19103F-16F7-4668-BE54-9A1E7A4F7556}") = "03.WordCount", "03.WordCount\03.WordCount.csproj", "{C6F7BD95-F3B6-4607-B770-2E7DCFD3F6AF}"
EndProject
Project("{FAE04EC0-301F-11D3-BF4B-00C04F79EFBC}") = "DemoTest", "DemoTest\DemoTest.csproj", "{165D75F0-A887-4F91-98A5-04D980C2789C}"
EndProject
Global
	GlobalSection(SolutionConfigurationPlatforms) = preSolution
		Debug|Any CPU = Debug|Any CPU
		Release|Any CPU = Release|Any CPU
	EndGlobalSection
	GlobalSection(ProjectConfigurationPlatforms) = postSolution
		{9392CF78-8A0D-4FC9-83FD-A17C32704EF0}.Debug|Any CPU.ActiveCfg = Debug|Any CPU
		{9392CF78-8A0D-4FC9-83FD-A17C32704EF0}.Debug|Any CPU.Build.0 = Debug|Any CPU
		{9392CF78-8A0D-4FC9-83FD-A17C32704EF0}.Release|Any CPU.ActiveCfg = Release|Any CPU
		{9392CF78-8A0D-4FC9-83FD-A17C32704EF0}.Release|Any CPU.Build.0 = Release|Any CPU
		{86B375B8-6EBA-4456-A037-0CA4CD04A319}.Debug|Any CPU.ActiveCfg = Debug|Any CPU
		{86B375B8-6EBA-4456-A037-0CA4CD04A319}.Debug|Any CPU.Build.0 = Debug|Any CPU
		{86B375B8-6EBA-4456-A037-0CA4CD04A319}.Release|Any CPU.ActiveCfg = Release|Any CPU
		{86B375B8-6EBA-4456-A037-0CA4CD04A319}.Release|Any CPU.Build.0 = Release|Any CPU
		{C6F7BD95-F3B6-4607-B770-2E7DCFD3F6AF}.Debug|Any CPU.ActiveCfg = Debug|Any CPU
		{C6F7BD95-F3B6-4607-B770-2E7DCFD3F6AF}.Debug|Any CPU.Build.0 = Debug|Any CPU
		{C6F7BD95-F3B6-4607-B770-2E7DCFD3F6AF}.Release|Any CPU.ActiveCfg = Release|Any CPU
		{C6F7BD95-F3B6-4607-B770-2E7DCFD3F6AF}.Release|Any CPU.Build.0 = Release|Any CPU
		{165D75F0-A887-4F91-98A5-04D980C2789C}.Debug|Any CPU.ActiveCfg = Debug|Any CPU
		{165D75F0-A887-4F91-98A5-04D980C2789C}.Debug|Any CPU.Build.0 = Debug|Any CPU
		{165D75F0-A887-4F91-98A5-04D980C2789C}.Release|Any CPU.ActiveCfg = Release|Any CPU
		{165D75F0-A887-4F91-98A5-04D980C2789C}.Release|Any CPU.Build.0 = Release|Any CPU
	EndGlobalSection
	GlobalSection(SolutionProperties) = preSolution
		HideSolutionNode = FALSE
	EndGlobalSection
	GlobalSection(ExtensibilityGlobals) = postSolution
		SolutionGuid = {BDC0C7A9-12A0-4B7C-9F30-28B2411367DD}
	EndGlobalSection
EndGlobal
