
Microsoft Visual Studio Solution File, Format Version 12.00
# Visual Studio Version 16
VisualStudioVersion = 16.0.29209.62
MinimumVisualStudioVersion = 10.0.40219.1
Project("{9A19103F-16F7-4668-BE54-9A1E7A4F7556}") = "01.Socks", "01.Socks\01.Socks.csproj", "{00C57721-71C8-4FE8-A7F4-AC73507CC03B}"
EndProject
Project("{FAE04EC0-301F-11D3-BF4B-00C04F79EFBC}") = "02.ExcelFunctions", "02.ExcelFunctions\02.ExcelFunctions.csproj", "{ADECA2C3-89A3-4E45-A46C-06A2B6595456}"
EndProject
Global
	GlobalSection(SolutionConfigurationPlatforms) = preSolution
		Debug|Any CPU = Debug|Any CPU
		Release|Any CPU = Release|Any CPU
	EndGlobalSection
	GlobalSection(ProjectConfigurationPlatforms) = postSolution
		{00C57721-71C8-4FE8-A7F4-AC73507CC03B}.Debug|Any CPU.ActiveCfg = Debug|Any CPU
		{00C57721-71C8-4FE8-A7F4-AC73507CC03B}.Debug|Any CPU.Build.0 = Debug|Any CPU
		{00C57721-71C8-4FE8-A7F4-AC73507CC03B}.Release|Any CPU.ActiveCfg = Release|Any CPU
		{00C57721-71C8-4FE8-A7F4-AC73507CC03B}.Release|Any CPU.Build.0 = Release|Any CPU
		{ADECA2C3-89A3-4E45-A46C-06A2B6595456}.Debug|Any CPU.ActiveCfg = Debug|Any CPU
		{ADECA2C3-89A3-4E45-A46C-06A2B6595456}.Debug|Any CPU.Build.0 = Debug|Any CPU
		{ADECA2C3-89A3-4E45-A46C-06A2B6595456}.Release|Any CPU.ActiveCfg = Release|Any CPU
		{ADECA2C3-89A3-4E45-A46C-06A2B6595456}.Release|Any CPU.Build.0 = Release|Any CPU
	EndGlobalSection
	GlobalSection(SolutionProperties) = preSolution
		HideSolutionNode = FALSE
	EndGlobalSection
	GlobalSection(ExtensibilityGlobals) = postSolution
		SolutionGuid = {89991CA0-A969-4C91-86AC-BE9E29F08D98}
	EndGlobalSection
EndGlobal
