
Microsoft Visual Studio Solution File, Format Version 12.00
# Visual Studio Version 16
VisualStudioVersion = 16.0.29411.108
MinimumVisualStudioVersion = 10.0.40219.1
Project("{FAE04EC0-301F-11D3-BF4B-00C04F79EFBC}") = "01.Person", "01.Person\01.Person.csproj", "{B267D12C-C3B3-4B1F-854E-FEA3F9152DA6}"
EndProject
Project("{FAE04EC0-301F-11D3-BF4B-00C04F79EFBC}") = "02.Zoo", "02.Zoo\02.Zoo.csproj", "{D930079B-B146-4D49-B922-49A264DB3FF5}"
EndProject
Global
	GlobalSection(SolutionConfigurationPlatforms) = preSolution
		Debug|Any CPU = Debug|Any CPU
		Release|Any CPU = Release|Any CPU
	EndGlobalSection
	GlobalSection(ProjectConfigurationPlatforms) = postSolution
		{B267D12C-C3B3-4B1F-854E-FEA3F9152DA6}.Debug|Any CPU.ActiveCfg = Debug|Any CPU
		{B267D12C-C3B3-4B1F-854E-FEA3F9152DA6}.Debug|Any CPU.Build.0 = Debug|Any CPU
		{B267D12C-C3B3-4B1F-854E-FEA3F9152DA6}.Release|Any CPU.ActiveCfg = Release|Any CPU
		{B267D12C-C3B3-4B1F-854E-FEA3F9152DA6}.Release|Any CPU.Build.0 = Release|Any CPU
		{D930079B-B146-4D49-B922-49A264DB3FF5}.Debug|Any CPU.ActiveCfg = Debug|Any CPU
		{D930079B-B146-4D49-B922-49A264DB3FF5}.Debug|Any CPU.Build.0 = Debug|Any CPU
		{D930079B-B146-4D49-B922-49A264DB3FF5}.Release|Any CPU.ActiveCfg = Release|Any CPU
		{D930079B-B146-4D49-B922-49A264DB3FF5}.Release|Any CPU.Build.0 = Release|Any CPU
	EndGlobalSection
	GlobalSection(SolutionProperties) = preSolution
		HideSolutionNode = FALSE
	EndGlobalSection
	GlobalSection(ExtensibilityGlobals) = postSolution
		SolutionGuid = {5FD8842C-2A39-433E-A438-C77FC8DE9849}
	EndGlobalSection
EndGlobal
