
Microsoft Visual Studio Solution File, Format Version 12.00
# Visual Studio Version 16
VisualStudioVersion = 16.0.28803.452
MinimumVisualStudioVersion = 10.0.40219.1
Project("{9A19103F-16F7-4668-BE54-9A1E7A4F7556}") = "01.Train", "01.Train\01.Train.csproj", "{5F8AED3B-6AFD-4132-AFBF-B08A71F533BF}"
EndProject
Project("{9A19103F-16F7-4668-BE54-9A1E7A4F7556}") = "02.CommonElements", "02.CommonElements\02.CommonElements.csproj", "{241CFD9E-FC85-4B9B-95A9-73E1672D6C97}"
EndProject
Project("{9A19103F-16F7-4668-BE54-9A1E7A4F7556}") = "03.ZigZagArrays", "03.ZigZagArrays\03.ZigZagArrays.csproj", "{F94E578B-1C8E-437D-A135-C618ACA70A2F}"
EndProject
Project("{9A19103F-16F7-4668-BE54-9A1E7A4F7556}") = "04.ArrayRotation", "04.ArrayRotation\04.ArrayRotation.csproj", "{0127BE38-412B-427C-BFD4-B78DDB08C33D}"
EndProject
Project("{9A19103F-16F7-4668-BE54-9A1E7A4F7556}") = "05.TopIntegers", "05.TopIntegers\05.TopIntegers.csproj", "{D2A34BAC-F5E3-430D-AC9B-2986A991A60A}"
EndProject
Project("{9A19103F-16F7-4668-BE54-9A1E7A4F7556}") = "06.EqualSums", "06.EqualSums\06.EqualSums.csproj", "{D48BFE6B-3684-473D-A695-7F67334A1A74}"
EndProject
Project("{9A19103F-16F7-4668-BE54-9A1E7A4F7556}") = "07.MaxSequenceEqualElements", "07.MaxSequenceEqualElements\07.MaxSequenceEqualElements.csproj", "{4F17EB5E-ED91-46D6-A5A0-62508F99BB87}"
EndProject
Project("{9A19103F-16F7-4668-BE54-9A1E7A4F7556}") = "08.MagicSum", "08.MagicSum\08.MagicSum.csproj", "{3AE29FD7-DAE2-485C-A2CA-619BA8F3DB18}"
EndProject
Project("{9A19103F-16F7-4668-BE54-9A1E7A4F7556}") = "09.KaminoFactory", "09.KaminoFactory\09.KaminoFactory.csproj", "{94F37A5B-E80E-4530-AABA-C641628D0F54}"
EndProject
Project("{FAE04EC0-301F-11D3-BF4B-00C04F79EFBC}") = "10.LadyBugs", "10.LadyBugs\10.LadyBugs.csproj", "{ABF17D59-B73D-4291-A083-23CE97BE85F7}"
EndProject
Global
	GlobalSection(SolutionConfigurationPlatforms) = preSolution
		Debug|Any CPU = Debug|Any CPU
		Release|Any CPU = Release|Any CPU
	EndGlobalSection
	GlobalSection(ProjectConfigurationPlatforms) = postSolution
		{5F8AED3B-6AFD-4132-AFBF-B08A71F533BF}.Debug|Any CPU.ActiveCfg = Debug|Any CPU
		{5F8AED3B-6AFD-4132-AFBF-B08A71F533BF}.Debug|Any CPU.Build.0 = Debug|Any CPU
		{5F8AED3B-6AFD-4132-AFBF-B08A71F533BF}.Release|Any CPU.ActiveCfg = Release|Any CPU
		{5F8AED3B-6AFD-4132-AFBF-B08A71F533BF}.Release|Any CPU.Build.0 = Release|Any CPU
		{241CFD9E-FC85-4B9B-95A9-73E1672D6C97}.Debug|Any CPU.ActiveCfg = Debug|Any CPU
		{241CFD9E-FC85-4B9B-95A9-73E1672D6C97}.Debug|Any CPU.Build.0 = Debug|Any CPU
		{241CFD9E-FC85-4B9B-95A9-73E1672D6C97}.Release|Any CPU.ActiveCfg = Release|Any CPU
		{241CFD9E-FC85-4B9B-95A9-73E1672D6C97}.Release|Any CPU.Build.0 = Release|Any CPU
		{F94E578B-1C8E-437D-A135-C618ACA70A2F}.Debug|Any CPU.ActiveCfg = Debug|Any CPU
		{F94E578B-1C8E-437D-A135-C618ACA70A2F}.Debug|Any CPU.Build.0 = Debug|Any CPU
		{F94E578B-1C8E-437D-A135-C618ACA70A2F}.Release|Any CPU.ActiveCfg = Release|Any CPU
		{F94E578B-1C8E-437D-A135-C618ACA70A2F}.Release|Any CPU.Build.0 = Release|Any CPU
		{0127BE38-412B-427C-BFD4-B78DDB08C33D}.Debug|Any CPU.ActiveCfg = Debug|Any CPU
		{0127BE38-412B-427C-BFD4-B78DDB08C33D}.Debug|Any CPU.Build.0 = Debug|Any CPU
		{0127BE38-412B-427C-BFD4-B78DDB08C33D}.Release|Any CPU.ActiveCfg = Release|Any CPU
		{0127BE38-412B-427C-BFD4-B78DDB08C33D}.Release|Any CPU.Build.0 = Release|Any CPU
		{D2A34BAC-F5E3-430D-AC9B-2986A991A60A}.Debug|Any CPU.ActiveCfg = Debug|Any CPU
		{D2A34BAC-F5E3-430D-AC9B-2986A991A60A}.Debug|Any CPU.Build.0 = Debug|Any CPU
		{D2A34BAC-F5E3-430D-AC9B-2986A991A60A}.Release|Any CPU.ActiveCfg = Release|Any CPU
		{D2A34BAC-F5E3-430D-AC9B-2986A991A60A}.Release|Any CPU.Build.0 = Release|Any CPU
		{D48BFE6B-3684-473D-A695-7F67334A1A74}.Debug|Any CPU.ActiveCfg = Debug|Any CPU
		{D48BFE6B-3684-473D-A695-7F67334A1A74}.Debug|Any CPU.Build.0 = Debug|Any CPU
		{D48BFE6B-3684-473D-A695-7F67334A1A74}.Release|Any CPU.ActiveCfg = Release|Any CPU
		{D48BFE6B-3684-473D-A695-7F67334A1A74}.Release|Any CPU.Build.0 = Release|Any CPU
		{4F17EB5E-ED91-46D6-A5A0-62508F99BB87}.Debug|Any CPU.ActiveCfg = Debug|Any CPU
		{4F17EB5E-ED91-46D6-A5A0-62508F99BB87}.Debug|Any CPU.Build.0 = Debug|Any CPU
		{4F17EB5E-ED91-46D6-A5A0-62508F99BB87}.Release|Any CPU.ActiveCfg = Release|Any CPU
		{4F17EB5E-ED91-46D6-A5A0-62508F99BB87}.Release|Any CPU.Build.0 = Release|Any CPU
		{3AE29FD7-DAE2-485C-A2CA-619BA8F3DB18}.Debug|Any CPU.ActiveCfg = Debug|Any CPU
		{3AE29FD7-DAE2-485C-A2CA-619BA8F3DB18}.Debug|Any CPU.Build.0 = Debug|Any CPU
		{3AE29FD7-DAE2-485C-A2CA-619BA8F3DB18}.Release|Any CPU.ActiveCfg = Release|Any CPU
		{3AE29FD7-DAE2-485C-A2CA-619BA8F3DB18}.Release|Any CPU.Build.0 = Release|Any CPU
		{94F37A5B-E80E-4530-AABA-C641628D0F54}.Debug|Any CPU.ActiveCfg = Debug|Any CPU
		{94F37A5B-E80E-4530-AABA-C641628D0F54}.Debug|Any CPU.Build.0 = Debug|Any CPU
		{94F37A5B-E80E-4530-AABA-C641628D0F54}.Release|Any CPU.ActiveCfg = Release|Any CPU
		{94F37A5B-E80E-4530-AABA-C641628D0F54}.Release|Any CPU.Build.0 = Release|Any CPU
		{ABF17D59-B73D-4291-A083-23CE97BE85F7}.Debug|Any CPU.ActiveCfg = Debug|Any CPU
		{ABF17D59-B73D-4291-A083-23CE97BE85F7}.Debug|Any CPU.Build.0 = Debug|Any CPU
		{ABF17D59-B73D-4291-A083-23CE97BE85F7}.Release|Any CPU.ActiveCfg = Release|Any CPU
		{ABF17D59-B73D-4291-A083-23CE97BE85F7}.Release|Any CPU.Build.0 = Release|Any CPU
	EndGlobalSection
	GlobalSection(SolutionProperties) = preSolution
		HideSolutionNode = FALSE
	EndGlobalSection
	GlobalSection(ExtensibilityGlobals) = postSolution
		SolutionGuid = {876CC94D-51CD-4B64-88D6-A6F1D0265011}
	EndGlobalSection
EndGlobal
