
Microsoft Visual Studio Solution File, Format Version 12.00
# Visual Studio 15
VisualStudioVersion = 15.0.27703.2047
MinimumVisualStudioVersion = 10.0.40219.1
Project("{FAE04EC0-301F-11D3-BF4B-00C04F79EFBC}") = "ReferenceTypes", "Demo\ReferenceTypes.csproj", "{C8CF042F-CAB0-4FA6-8683-C52D7E557CA3}"
EndProject
Project("{FAE04EC0-301F-11D3-BF4B-00C04F79EFBC}") = "Conversion", "Conversion\Conversion.csproj", "{523BF5CE-66A0-46B8-92F1-7D6904ED9E4E}"
EndProject
Project("{FAE04EC0-301F-11D3-BF4B-00C04F79EFBC}") = "Operators", "Operators\Operators.csproj", "{77160311-10AB-4CFD-938D-FEEB971FC595}"
EndProject
Project("{FAE04EC0-301F-11D3-BF4B-00C04F79EFBC}") = "Conditions", "Conditions\Conditions.csproj", "{AC283399-B309-4592-9933-E362FCCD6995}"
EndProject
Project("{FAE04EC0-301F-11D3-BF4B-00C04F79EFBC}") = "Loops", "Loops\Loops.csproj", "{EF1CAD2F-2782-42DF-A703-63462EE0ADE1}"
EndProject
Project("{FAE04EC0-301F-11D3-BF4B-00C04F79EFBC}") = "Encapsulation", "Encapsulation\Encapsulation.csproj", "{A53C7DA8-0ABE-4A1C-99B4-B77EFA8ACD91}"
EndProject
Project("{9A19103F-16F7-4668-BE54-9A1E7A4F7556}") = "OPP Principles", "OPP\OPP Principles.csproj", "{68CF92C2-6FAA-4EC4-83C2-E93758D26A4F}"
EndProject
Project("{FAE04EC0-301F-11D3-BF4B-00C04F79EFBC}") = "Methods", "Methods\Methods.csproj", "{DEBFC518-A4CC-40EA-978D-CFC111BA81F9}"
EndProject
Project("{FAE04EC0-301F-11D3-BF4B-00C04F79EFBC}") = "Nullable Types", "Nullable Types\Nullable Types.csproj", "{2742D90D-E3B3-49B3-ADB7-F0CDC3FE7FED}"
EndProject
Project("{FAE04EC0-301F-11D3-BF4B-00C04F79EFBC}") = "Arrays", "Arrays\Arrays.csproj", "{01FC8CFC-6577-4E0B-BCA6-82E019EDA9BF}"
EndProject
Project("{FAE04EC0-301F-11D3-BF4B-00C04F79EFBC}") = "Strings", "Strings\Strings.csproj", "{F6AFAF7D-4B69-470B-BB2B-D6F6B3351C67}"
EndProject
Project("{FAE04EC0-301F-11D3-BF4B-00C04F79EFBC}") = "Structures", "Structures\Structures.csproj", "{EC01C468-D64B-4957-8347-B95B8529EDC9}"
EndProject
Project("{FAE04EC0-301F-11D3-BF4B-00C04F79EFBC}") = "Enums", "Enums\Enums.csproj", "{3BB9DF0A-E5A2-44DC-92CA-610B22843BFF}"
EndProject
Project("{FAE04EC0-301F-11D3-BF4B-00C04F79EFBC}") = "Classes", "Classes\Classes.csproj", "{76D3F6DD-CD39-4200-A8B4-372D79191FAF}"
EndProject
Global
	GlobalSection(SolutionConfigurationPlatforms) = preSolution
		Debug|Any CPU = Debug|Any CPU
		Release|Any CPU = Release|Any CPU
	EndGlobalSection
	GlobalSection(ProjectConfigurationPlatforms) = postSolution
		{C8CF042F-CAB0-4FA6-8683-C52D7E557CA3}.Debug|Any CPU.ActiveCfg = Debug|Any CPU
		{C8CF042F-CAB0-4FA6-8683-C52D7E557CA3}.Debug|Any CPU.Build.0 = Debug|Any CPU
		{C8CF042F-CAB0-4FA6-8683-C52D7E557CA3}.Release|Any CPU.ActiveCfg = Release|Any CPU
		{C8CF042F-CAB0-4FA6-8683-C52D7E557CA3}.Release|Any CPU.Build.0 = Release|Any CPU
		{523BF5CE-66A0-46B8-92F1-7D6904ED9E4E}.Debug|Any CPU.ActiveCfg = Debug|Any CPU
		{523BF5CE-66A0-46B8-92F1-7D6904ED9E4E}.Debug|Any CPU.Build.0 = Debug|Any CPU
		{523BF5CE-66A0-46B8-92F1-7D6904ED9E4E}.Release|Any CPU.ActiveCfg = Release|Any CPU
		{523BF5CE-66A0-46B8-92F1-7D6904ED9E4E}.Release|Any CPU.Build.0 = Release|Any CPU
		{77160311-10AB-4CFD-938D-FEEB971FC595}.Debug|Any CPU.ActiveCfg = Debug|Any CPU
		{77160311-10AB-4CFD-938D-FEEB971FC595}.Debug|Any CPU.Build.0 = Debug|Any CPU
		{77160311-10AB-4CFD-938D-FEEB971FC595}.Release|Any CPU.ActiveCfg = Release|Any CPU
		{77160311-10AB-4CFD-938D-FEEB971FC595}.Release|Any CPU.Build.0 = Release|Any CPU
		{AC283399-B309-4592-9933-E362FCCD6995}.Debug|Any CPU.ActiveCfg = Debug|Any CPU
		{AC283399-B309-4592-9933-E362FCCD6995}.Debug|Any CPU.Build.0 = Debug|Any CPU
		{AC283399-B309-4592-9933-E362FCCD6995}.Release|Any CPU.ActiveCfg = Release|Any CPU
		{AC283399-B309-4592-9933-E362FCCD6995}.Release|Any CPU.Build.0 = Release|Any CPU
		{EF1CAD2F-2782-42DF-A703-63462EE0ADE1}.Debug|Any CPU.ActiveCfg = Debug|Any CPU
		{EF1CAD2F-2782-42DF-A703-63462EE0ADE1}.Debug|Any CPU.Build.0 = Debug|Any CPU
		{EF1CAD2F-2782-42DF-A703-63462EE0ADE1}.Release|Any CPU.ActiveCfg = Release|Any CPU
		{EF1CAD2F-2782-42DF-A703-63462EE0ADE1}.Release|Any CPU.Build.0 = Release|Any CPU
		{A53C7DA8-0ABE-4A1C-99B4-B77EFA8ACD91}.Debug|Any CPU.ActiveCfg = Debug|Any CPU
		{A53C7DA8-0ABE-4A1C-99B4-B77EFA8ACD91}.Debug|Any CPU.Build.0 = Debug|Any CPU
		{A53C7DA8-0ABE-4A1C-99B4-B77EFA8ACD91}.Release|Any CPU.ActiveCfg = Release|Any CPU
		{A53C7DA8-0ABE-4A1C-99B4-B77EFA8ACD91}.Release|Any CPU.Build.0 = Release|Any CPU
		{68CF92C2-6FAA-4EC4-83C2-E93758D26A4F}.Debug|Any CPU.ActiveCfg = Debug|Any CPU
		{68CF92C2-6FAA-4EC4-83C2-E93758D26A4F}.Debug|Any CPU.Build.0 = Debug|Any CPU
		{68CF92C2-6FAA-4EC4-83C2-E93758D26A4F}.Release|Any CPU.ActiveCfg = Release|Any CPU
		{68CF92C2-6FAA-4EC4-83C2-E93758D26A4F}.Release|Any CPU.Build.0 = Release|Any CPU
		{DEBFC518-A4CC-40EA-978D-CFC111BA81F9}.Debug|Any CPU.ActiveCfg = Debug|Any CPU
		{DEBFC518-A4CC-40EA-978D-CFC111BA81F9}.Debug|Any CPU.Build.0 = Debug|Any CPU
		{DEBFC518-A4CC-40EA-978D-CFC111BA81F9}.Release|Any CPU.ActiveCfg = Release|Any CPU
		{DEBFC518-A4CC-40EA-978D-CFC111BA81F9}.Release|Any CPU.Build.0 = Release|Any CPU
		{2742D90D-E3B3-49B3-ADB7-F0CDC3FE7FED}.Debug|Any CPU.ActiveCfg = Debug|Any CPU
		{2742D90D-E3B3-49B3-ADB7-F0CDC3FE7FED}.Debug|Any CPU.Build.0 = Debug|Any CPU
		{2742D90D-E3B3-49B3-ADB7-F0CDC3FE7FED}.Release|Any CPU.ActiveCfg = Release|Any CPU
		{2742D90D-E3B3-49B3-ADB7-F0CDC3FE7FED}.Release|Any CPU.Build.0 = Release|Any CPU
		{01FC8CFC-6577-4E0B-BCA6-82E019EDA9BF}.Debug|Any CPU.ActiveCfg = Debug|Any CPU
		{01FC8CFC-6577-4E0B-BCA6-82E019EDA9BF}.Debug|Any CPU.Build.0 = Debug|Any CPU
		{01FC8CFC-6577-4E0B-BCA6-82E019EDA9BF}.Release|Any CPU.ActiveCfg = Release|Any CPU
		{01FC8CFC-6577-4E0B-BCA6-82E019EDA9BF}.Release|Any CPU.Build.0 = Release|Any CPU
		{F6AFAF7D-4B69-470B-BB2B-D6F6B3351C67}.Debug|Any CPU.ActiveCfg = Debug|Any CPU
		{F6AFAF7D-4B69-470B-BB2B-D6F6B3351C67}.Debug|Any CPU.Build.0 = Debug|Any CPU
		{F6AFAF7D-4B69-470B-BB2B-D6F6B3351C67}.Release|Any CPU.ActiveCfg = Release|Any CPU
		{F6AFAF7D-4B69-470B-BB2B-D6F6B3351C67}.Release|Any CPU.Build.0 = Release|Any CPU
		{EC01C468-D64B-4957-8347-B95B8529EDC9}.Debug|Any CPU.ActiveCfg = Debug|Any CPU
		{EC01C468-D64B-4957-8347-B95B8529EDC9}.Debug|Any CPU.Build.0 = Debug|Any CPU
		{EC01C468-D64B-4957-8347-B95B8529EDC9}.Release|Any CPU.ActiveCfg = Release|Any CPU
		{EC01C468-D64B-4957-8347-B95B8529EDC9}.Release|Any CPU.Build.0 = Release|Any CPU
		{3BB9DF0A-E5A2-44DC-92CA-610B22843BFF}.Debug|Any CPU.ActiveCfg = Debug|Any CPU
		{3BB9DF0A-E5A2-44DC-92CA-610B22843BFF}.Debug|Any CPU.Build.0 = Debug|Any CPU
		{3BB9DF0A-E5A2-44DC-92CA-610B22843BFF}.Release|Any CPU.ActiveCfg = Release|Any CPU
		{3BB9DF0A-E5A2-44DC-92CA-610B22843BFF}.Release|Any CPU.Build.0 = Release|Any CPU
		{76D3F6DD-CD39-4200-A8B4-372D79191FAF}.Debug|Any CPU.ActiveCfg = Debug|Any CPU
		{76D3F6DD-CD39-4200-A8B4-372D79191FAF}.Debug|Any CPU.Build.0 = Debug|Any CPU
		{76D3F6DD-CD39-4200-A8B4-372D79191FAF}.Release|Any CPU.ActiveCfg = Release|Any CPU
		{76D3F6DD-CD39-4200-A8B4-372D79191FAF}.Release|Any CPU.Build.0 = Release|Any CPU
	EndGlobalSection
	GlobalSection(SolutionProperties) = preSolution
		HideSolutionNode = FALSE
	EndGlobalSection
	GlobalSection(ExtensibilityGlobals) = postSolution
		SolutionGuid = {09F1CC83-F3F9-4B9D-B15C-9E81E82FF65F}
	EndGlobalSection
EndGlobal
