
Microsoft Visual Studio Solution File, Format Version 12.00
# Visual Studio Version 16
VisualStudioVersion = 16.0.30204.135
MinimumVisualStudioVersion = 10.0.40219.1
Project("{2150E333-8FDC-42A3-9474-1A3956D46DE8}") = "Data", "Data", "{F17D7DDC-BB6B-4E95-A084-1DFD19FCBB7B}"
EndProject
Project("{2150E333-8FDC-42A3-9474-1A3956D46DE8}") = "Models", "Models", "{871D526E-9D2E-44CC-B82C-F0704EA60381}"
EndProject
Project("{2150E333-8FDC-42A3-9474-1A3956D46DE8}") = "Services", "Services", "{834D0D4D-B4FA-4B48-B951-994921004199}"
EndProject
Project("{2150E333-8FDC-42A3-9474-1A3956D46DE8}") = "Application", "Application", "{BB609592-2C79-49B2-A31D-BFF8109F5D1A}"
EndProject
Project("{9A19103F-16F7-4668-BE54-9A1E7A4F7556}") = "PetStore.Models", "PetStore.Models\PetStore.Models.csproj", "{AF17CE19-76AE-4FDA-8439-C9561F7AC065}"
EndProject
Project("{9A19103F-16F7-4668-BE54-9A1E7A4F7556}") = "PetStore.Data", "PetStore.Data\PetStore.Data.csproj", "{01F961E2-4505-4C7C-99D4-C5E48E9B3318}"
EndProject
Project("{2150E333-8FDC-42A3-9474-1A3956D46DE8}") = "Common", "Common", "{5010E7F3-8FA1-4382-8C07-3990FFA7D012}"
EndProject
Project("{9A19103F-16F7-4668-BE54-9A1E7A4F7556}") = "PetStore.Common", "PetStore.Common\PetStore.Common.csproj", "{8D499871-905B-4F20-9EB0-376A65C24E2B}"
EndProject
Project("{9A19103F-16F7-4668-BE54-9A1E7A4F7556}") = "ConsoleApp", "ConsoleApp\ConsoleApp.csproj", "{01C14264-08D0-452F-8B2B-5D99E004DC73}"
EndProject
Project("{9A19103F-16F7-4668-BE54-9A1E7A4F7556}") = "PetStore.Services", "PetStore.Services\PetStore.Services.csproj", "{B5070947-D8B6-4A25-8189-2BC753529D7D}"
EndProject
Project("{9A19103F-16F7-4668-BE54-9A1E7A4F7556}") = "PetStore.ServiceModels", "PetStore.ServiceModels\PetStore.ServiceModels.csproj", "{ECEBB92F-B215-4B44-A459-F2C4FE8B708B}"
EndProject
Project("{9A19103F-16F7-4668-BE54-9A1E7A4F7556}") = "PetStore.Services.Mapping", "PetStore.Services.Mapping\PetStore.Services.Mapping.csproj", "{AB47616C-7381-412D-8660-4B59394F90C5}"
EndProject
Global
	GlobalSection(SolutionConfigurationPlatforms) = preSolution
		Debug|Any CPU = Debug|Any CPU
		Release|Any CPU = Release|Any CPU
	EndGlobalSection
	GlobalSection(ProjectConfigurationPlatforms) = postSolution
		{AF17CE19-76AE-4FDA-8439-C9561F7AC065}.Debug|Any CPU.ActiveCfg = Debug|Any CPU
		{AF17CE19-76AE-4FDA-8439-C9561F7AC065}.Debug|Any CPU.Build.0 = Debug|Any CPU
		{AF17CE19-76AE-4FDA-8439-C9561F7AC065}.Release|Any CPU.ActiveCfg = Release|Any CPU
		{AF17CE19-76AE-4FDA-8439-C9561F7AC065}.Release|Any CPU.Build.0 = Release|Any CPU
		{01F961E2-4505-4C7C-99D4-C5E48E9B3318}.Debug|Any CPU.ActiveCfg = Debug|Any CPU
		{01F961E2-4505-4C7C-99D4-C5E48E9B3318}.Debug|Any CPU.Build.0 = Debug|Any CPU
		{01F961E2-4505-4C7C-99D4-C5E48E9B3318}.Release|Any CPU.ActiveCfg = Release|Any CPU
		{01F961E2-4505-4C7C-99D4-C5E48E9B3318}.Release|Any CPU.Build.0 = Release|Any CPU
		{8D499871-905B-4F20-9EB0-376A65C24E2B}.Debug|Any CPU.ActiveCfg = Debug|Any CPU
		{8D499871-905B-4F20-9EB0-376A65C24E2B}.Debug|Any CPU.Build.0 = Debug|Any CPU
		{8D499871-905B-4F20-9EB0-376A65C24E2B}.Release|Any CPU.ActiveCfg = Release|Any CPU
		{8D499871-905B-4F20-9EB0-376A65C24E2B}.Release|Any CPU.Build.0 = Release|Any CPU
		{01C14264-08D0-452F-8B2B-5D99E004DC73}.Debug|Any CPU.ActiveCfg = Debug|Any CPU
		{01C14264-08D0-452F-8B2B-5D99E004DC73}.Debug|Any CPU.Build.0 = Debug|Any CPU
		{01C14264-08D0-452F-8B2B-5D99E004DC73}.Release|Any CPU.ActiveCfg = Release|Any CPU
		{01C14264-08D0-452F-8B2B-5D99E004DC73}.Release|Any CPU.Build.0 = Release|Any CPU
		{B5070947-D8B6-4A25-8189-2BC753529D7D}.Debug|Any CPU.ActiveCfg = Debug|Any CPU
		{B5070947-D8B6-4A25-8189-2BC753529D7D}.Debug|Any CPU.Build.0 = Debug|Any CPU
		{B5070947-D8B6-4A25-8189-2BC753529D7D}.Release|Any CPU.ActiveCfg = Release|Any CPU
		{B5070947-D8B6-4A25-8189-2BC753529D7D}.Release|Any CPU.Build.0 = Release|Any CPU
		{ECEBB92F-B215-4B44-A459-F2C4FE8B708B}.Debug|Any CPU.ActiveCfg = Debug|Any CPU
		{ECEBB92F-B215-4B44-A459-F2C4FE8B708B}.Debug|Any CPU.Build.0 = Debug|Any CPU
		{ECEBB92F-B215-4B44-A459-F2C4FE8B708B}.Release|Any CPU.ActiveCfg = Release|Any CPU
		{ECEBB92F-B215-4B44-A459-F2C4FE8B708B}.Release|Any CPU.Build.0 = Release|Any CPU
		{AB47616C-7381-412D-8660-4B59394F90C5}.Debug|Any CPU.ActiveCfg = Debug|Any CPU
		{AB47616C-7381-412D-8660-4B59394F90C5}.Debug|Any CPU.Build.0 = Debug|Any CPU
		{AB47616C-7381-412D-8660-4B59394F90C5}.Release|Any CPU.ActiveCfg = Release|Any CPU
		{AB47616C-7381-412D-8660-4B59394F90C5}.Release|Any CPU.Build.0 = Release|Any CPU
	EndGlobalSection
	GlobalSection(SolutionProperties) = preSolution
		HideSolutionNode = FALSE
	EndGlobalSection
	GlobalSection(NestedProjects) = preSolution
		{AF17CE19-76AE-4FDA-8439-C9561F7AC065} = {871D526E-9D2E-44CC-B82C-F0704EA60381}
		{01F961E2-4505-4C7C-99D4-C5E48E9B3318} = {F17D7DDC-BB6B-4E95-A084-1DFD19FCBB7B}
		{8D499871-905B-4F20-9EB0-376A65C24E2B} = {5010E7F3-8FA1-4382-8C07-3990FFA7D012}
		{01C14264-08D0-452F-8B2B-5D99E004DC73} = {BB609592-2C79-49B2-A31D-BFF8109F5D1A}
		{B5070947-D8B6-4A25-8189-2BC753529D7D} = {834D0D4D-B4FA-4B48-B951-994921004199}
		{ECEBB92F-B215-4B44-A459-F2C4FE8B708B} = {834D0D4D-B4FA-4B48-B951-994921004199}
		{AB47616C-7381-412D-8660-4B59394F90C5} = {834D0D4D-B4FA-4B48-B951-994921004199}
	EndGlobalSection
	GlobalSection(ExtensibilityGlobals) = postSolution
		SolutionGuid = {BA8EB5B9-55BF-44CE-BE13-385E6F95BB02}
	EndGlobalSection
EndGlobal
